PODS:
  - AEPAssurance (5.0.1):
    - AEPCore (< 6.0.0, >= 5.0.0)
    - AEPServices (< 6.0.0, >= 5.0.0)
  - AEPCore (5.2.0):
    - AEPRulesEngine (< 6.0.0, >= 5.0.0)
    - AEPServices (< 6.0.0, >= 5.2.0)
  - AEPEdge (5.0.2):
    - AEPCore (< 6.0.0, >= 5.1.0)
    - AEPEdgeIdentity (< 6.0.0, >= 5.0.0)
  - AEPEdgeIdentity (5.0.0):
    - AEPCore (< 6.0.0, >= 5.0.0)
  - AEPLifecycle (5.2.0):
    - AEPCore (< 6.0.0, >= 5.2.0)
  - AEPRulesEngine (5.0.0)
  - AEPServices (5.2.0)
  - AEPTestUtils (5.1.0):
    - AEPCore (>= 5.2.0)
    - AEPServices (>= 5.2.0)
  - SwiftLint (0.52.0)

DEPENDENCIES:
  - AEPAssurance
  - AEPCore
  - AEPEdge
  - AEPEdgeIdentity
  - AEPLifecycle
  - AEPTestUtils (from `https://github.com/adobe/aepsdk-testutils-ios.git`, tag `5.1.0`)
  - SwiftLint (= 0.52.0)

SPEC REPOS:
  trunk:
    - AEPAssurance
    - AEPCore
    - AEPEdge
    - AEPEdgeIdentity
    - AEPLifecycle
    - AEPRulesEngine
    - AEPServices
    - SwiftLint

EXTERNAL SOURCES:
  AEPTestUtils:
    :git: https://github.com/adobe/aepsdk-testutils-ios.git
    :tag: 5.1.0

CHECKOUT OPTIONS:
  AEPTestUtils:
    :git: https://github.com/adobe/aepsdk-testutils-ios.git
    :tag: 5.1.0

SPEC CHECKSUMS:
  AEPAssurance: df04baeace42befb0cc213fd6cdfe51651d11ba6
  AEPCore: db53082c207c28166ed6aa9ae6262a55e95c78aa
  AEPEdge: edf73ae8900016940cd7fcb29a89a576a1c6b0ae
  AEPEdgeIdentity: 3161ff33434586962946912d6b8e9e8fca1c4d23
  AEPLifecycle: 0e2ddb26751320b88ea7471e63751f38c4ccdc10
  AEPRulesEngine: fe5800653a4bee07b1e41e61b4d5551f0dba557b
  AEPServices: d959143d13fde7e8464c19527df6baacdef765ce
  AEPTestUtils: b2c941b4f72deaff090e3e82b8c1ac31fedc1c84
  SwiftLint: 13280e21cdda6786ad908dc6e416afe5acd1fcb7

PODFILE CHECKSUM: b41815d0b57c8a3387c9e217e84ddfc6d26dc725

COCOAPODS: 1.14.3
