PODS:
  - AEPAssurance (5.0.1):
    - AEPCore (< 6.0.0, >= 5.0.0)
    - AEPServices (< 6.0.0, >= 5.0.0)
  - AEPCore (5.4.0):
    - AEPRulesEngine (< 6.0.0, >= 5.0.0)
    - AEPServices (< 6.0.0, >= 5.4.0)
  - AEPEdge (5.0.3):
    - AEPCore (< 6.0.0, >= 5.3.1)
    - AEPEdgeIdentity (< 6.0.0, >= 5.0.0)
  - AEPEdgeIdentity (5.0.0):
    - AEPCore (< 6.0.0, >= 5.0.0)
  - AEPLifecycle (5.4.0):
    - AEPCore (< 6.0.0, >= 5.4.0)
  - AEPRulesEngine (5.0.0)
  - AEPServices (5.4.0)
  - AEPTestUtils (5.2.2):
    - AEPCore (< 6.0.0, >= 5.2.0)
    - AEPServices (< 6.0.0, >= 5.2.0)
  - SwiftLint (0.52.0)

DEPENDENCIES:
  - AEPAssurance
  - AEPCore
  - AEPEdge
  - AEPEdgeIdentity
  - AEPLifecycle
  - AEPTestUtils (from `https://github.com/adobe/aepsdk-core-ios.git`, tag `testutils-5.2.2`)
  - SwiftLint (= 0.52.0)

SPEC REPOS:
  trunk:
    - AEPAssurance
    - AEPCore
    - AEPEdge
    - AEPEdgeIdentity
    - AEPLifecycle
    - AEPRulesEngine
    - AEPServices
    - SwiftLint

EXTERNAL SOURCES:
  AEPTestUtils:
    :git: https://github.com/adobe/aepsdk-core-ios.git
    :tag: testutils-5.2.2

CHECKOUT OPTIONS:
  AEPTestUtils:
    :git: https://github.com/adobe/aepsdk-core-ios.git
    :tag: testutils-5.2.2

SPEC CHECKSUMS:
  AEPAssurance: df04baeace42befb0cc213fd6cdfe51651d11ba6
  AEPCore: 8cdc5390163f2b761e7f3eed1cae92b8a11c0237
  AEPEdge: 105afc7958acd7c016d57f7ac1d6f632bf05e6ee
  AEPEdgeIdentity: 3161ff33434586962946912d6b8e9e8fca1c4d23
  AEPLifecycle: 619ce7bf7b64a2caff7a172e9f12f0b6da636142
  AEPRulesEngine: fe5800653a4bee07b1e41e61b4d5551f0dba557b
  AEPServices: ce27e3f2de75a9b24b3d27c7b5f1bb519724f8cb
  AEPTestUtils: 61de2086056f4aa3223dc7d035991ef4fdacbfdb
  SwiftLint: 13280e21cdda6786ad908dc6e416afe5acd1fcb7

PODFILE CHECKSUM: f636de98b3a9e151f94c402ffb5621b88d5cbbb1

COCOAPODS: 1.16.2
