PODS:
  - AEPAnalytics (3.1.0):
    - AEPCore
    - AEPServices
  - AEPAssurance (3.0.1):
    - AEPCore (>= 3.1.0)
    - AEPServices (>= 3.1.0)
  - AEPCore (3.6.0):
    - AEPRulesEngine (>= 1.1.0)
    - AEPServices (>= 3.6.0)
  - AEPEdge (1.4.0):
    - AEPCore (>= 3.5.0)
    - AEPEdgeIdentity
  - AEPEdgeConsent (1.0.1):
    - AEPCore (>= 3.5.0)
    - AEPEdge (>= 1.4.0)
  - AEPEdgeIdentity (1.0.1):
    - AEPCore (>= 3.1.1)
  - AEPLifecycle (3.6.0):
    - AEPCore (>= 3.6.0)
  - AEPRulesEngine (1.1.0)
  - AEPServices (3.6.0)
  - SwiftLint (0.44.0)

DEPENDENCIES:
  - AEPAnalytics
  - AEPAssurance
  - AEPCore
  - AEPEdge
  - AEPEdgeConsent
  - AEPEdgeIdentity
  - AEPLifecycle
  - AEPServices
  - SwiftLint (= 0.44.0)

SPEC REPOS:
  trunk:
    - AEPAnalytics
    - AEPAssurance
    - AEPCore
    - AEPEdge
    - AEPEdgeConsent
    - AEPEdgeIdentity
    - AEPLifecycle
    - AEPRulesEngine
    - AEPServices
    - SwiftLint

SPEC CHECKSUMS:
  AEPAnalytics: 839e7a67a1154cc1d1e9d19ba79af3943ff91009
  AEPAssurance: b25880cd4b14f22c61a1dce19807bd0ca0fe9b17
  AEPCore: 03a89f8b792a74e17f739ab535982569d6639b76
  AEPEdge: 0e7c11d13e71d23d995bff46f48691c1bb65f84f
  AEPEdgeConsent: a23b35ab331d2aa2013fcef49c9d6b80085d5597
  AEPEdgeIdentity: 5c42cef81835851232136a9e1fbbbe33b204ee11
  AEPLifecycle: 7c0452a650a8ccaaa2473a3625a7004e8687797e
  AEPRulesEngine: bb2927ed5501ddf9754c66e97f8d2b1cf8e33b19
  AEPServices: fd41aa2d0eda1e6939ae00a99f8431a57d09e1ca
  SwiftLint: e96c0a8c770c7ebbc4d36c55baf9096bb65c4584

PODFILE CHECKSUM: e37f933c95f6c86eb02c053080d5934a3d5fa071

COCOAPODS: 1.11.3
