// !$*UTF8*$!
{
	archiveVersion = 1;
	classes = {
	};
	objectVersion = 54;
	objects = {

/* Begin PBXAggregateTarget section */
		D496756B25117262001F5F95 /* AEPEdgeBridgeXCF */ = {
			isa = PBXAggregateTarget;
			buildConfigurationList = D496756C25117263001F5F95 /* Build configuration list for PBXAggregateTarget "AEPEdgeBridgeXCF" */;
			buildPhases = (
			);
			dependencies = (
				D4ABABEC251A889C008076BF /* PBXTargetDependency */,
			);
			name = AEPEdgeBridgeXCF;
			productName = AEPEdgeXCF;
		};
/* End PBXAggregateTarget section */

/* Begin PBXBuildFile section */
		0334655BE881D0E2693A80C8 /* Pods_FunctionalTests.framework in Frameworks */ = {isa = PBXBuildFile; fileRef = 4B8946EAB205F842FB9989F1 /* Pods_FunctionalTests.framework */; };
		2EB8E0332D77730F003ABDA2 /* AppDelegate.swift in Sources */ = {isa = PBXBuildFile; fileRef = D4D5B57C2432977F00CAB6E4 /* AppDelegate.swift */; };
		2EB8E0342D77730F003ABDA2 /* SceneDelegate.swift in Sources */ = {isa = PBXBuildFile; fileRef = D4D5B57E2432977F00CAB6E4 /* SceneDelegate.swift */; };
		2EB8E0352D77730F003ABDA2 /* AssuranceView.swift in Sources */ = {isa = PBXBuildFile; fileRef = BF4A717826DDAE4B00612434 /* AssuranceView.swift */; };
		2EB8E0362D77730F003ABDA2 /* ContentView.swift in Sources */ = {isa = PBXBuildFile; fileRef = D4D5B5802432977F00CAB6E4 /* ContentView.swift */; };
		2EB8E0382D77730F003ABDA2 /* AEPEdgeBridge.framework in Frameworks */ = {isa = PBXBuildFile; fileRef = D444995F2519506B0093B364 /* AEPEdgeBridge.framework */; };
		2EB8E03C2D77730F003ABDA2 /* Preview Assets.xcassets in Resources */ = {isa = PBXBuildFile; fileRef = D4D5B5852432977F00CAB6E4 /* Preview Assets.xcassets */; };
		2EB8E03D2D77730F003ABDA2 /* Assets.xcassets in Resources */ = {isa = PBXBuildFile; fileRef = D4D5B5822432977F00CAB6E4 /* Assets.xcassets */; };
		2EF8F2952D78C08900EEBE04 /* LaunchScreen.storyboard in Resources */ = {isa = PBXBuildFile; fileRef = 2EF8F2932D78C08900EEBE04 /* LaunchScreen.storyboard */; };
		49FD17161BDF671E27C6E44D /* Pods_UnitTests.framework in Frameworks */ = {isa = PBXBuildFile; fileRef = CBE94B923FF16061DAFA46C6 /* Pods_UnitTests.framework */; };
		4C089BCA2CF54A8A00CB500C /* FunctionalTestConstants.swift in Sources */ = {isa = PBXBuildFile; fileRef = 4C089BC92CF54A8A00CB500C /* FunctionalTestConstants.swift */; };
		5B1D20FED82EBE279C912E01 /* Pods_AEPEdgeBridge.framework in Frameworks */ = {isa = PBXBuildFile; fileRef = C7B429386A4136B8FC9E467B /* Pods_AEPEdgeBridge.framework */; };
		834A2868E75756D9E130655D /* Pods_TestApptvOS.framework in Frameworks */ = {isa = PBXBuildFile; fileRef = 1C48B4061DEFC8C725900DB6 /* Pods_TestApptvOS.framework */; };
		904FAAFF81F1834A772AD36F /* Pods_TestAppiOS.framework in Frameworks */ = {isa = PBXBuildFile; fileRef = 76624E56A50DEFC88CA36F45 /* Pods_TestAppiOS.framework */; };
		BF4A717926DDAE4C00612434 /* AssuranceView.swift in Sources */ = {isa = PBXBuildFile; fileRef = BF4A717826DDAE4B00612434 /* AssuranceView.swift */; };
		BF5DCF38280653E70057D7D3 /* EdgeBridgeConstants.swift in Sources */ = {isa = PBXBuildFile; fileRef = BF5DCF37280653E70057D7D3 /* EdgeBridgeConstants.swift */; };
		BF5DCF3A2817AE200057D7D3 /* EdgeBridgeFunctionalTests.swift in Sources */ = {isa = PBXBuildFile; fileRef = BF5DCF392817AE200057D7D3 /* EdgeBridgeFunctionalTests.swift */; };
		BF5DCF402818A6520057D7D3 /* rules_analytics.zip in Resources */ = {isa = PBXBuildFile; fileRef = BF5DCF3F2818A6520057D7D3 /* rules_analytics.zip */; };
		BF5DCF412818A6520057D7D3 /* rules_analytics.zip in Resources */ = {isa = PBXBuildFile; fileRef = BF5DCF3F2818A6520057D7D3 /* rules_analytics.zip */; };
		BF7699A42B968E70005F4150 /* FakeSystemInfoService.swift in Sources */ = {isa = PBXBuildFile; fileRef = BF7699A32B968E70005F4150 /* FakeSystemInfoService.swift */; };
		BF7699A62B969FC6005F4150 /* EdgeBridgeHelper.swift in Sources */ = {isa = PBXBuildFile; fileRef = BF7699A52B969FC6005F4150 /* EdgeBridgeHelper.swift */; };
		BF7E5B372788080500D5E0FF /* EdgeBridge.swift in Sources */ = {isa = PBXBuildFile; fileRef = BF7E5B362788080500D5E0FF /* EdgeBridge.swift */; };
		BF7E5B392788B16800D5E0FF /* EdgeBridgeTests.swift in Sources */ = {isa = PBXBuildFile; fileRef = BF7E5B382788B16800D5E0FF /* EdgeBridgeTests.swift */; };
		D42F36BA251C185000490C0D /* AEPEdgeBridge.h in Headers */ = {isa = PBXBuildFile; fileRef = D4D66AA2251910FB00B4866D /* AEPEdgeBridge.h */; settings = {ATTRIBUTES = (Public, ); }; };
		D49A628F250AE4F500B7C4A3 /* EventHub+Test.swift in Sources */ = {isa = PBXBuildFile; fileRef = D49A628E250AE4F500B7C4A3 /* EventHub+Test.swift */; };
		D49A6290250AE4F500B7C4A3 /* EventHub+Test.swift in Sources */ = {isa = PBXBuildFile; fileRef = D49A628E250AE4F500B7C4A3 /* EventHub+Test.swift */; };
		D49A6294250AEEF000B7C4A3 /* UserDefaults+Test.swift in Sources */ = {isa = PBXBuildFile; fileRef = D49A6293250AEEF000B7C4A3 /* UserDefaults+Test.swift */; };
		D49A6295250AEEF000B7C4A3 /* UserDefaults+Test.swift in Sources */ = {isa = PBXBuildFile; fileRef = D49A6293250AEEF000B7C4A3 /* UserDefaults+Test.swift */; };
		D4A473CB2485A8F300D31710 /* TestUtils.swift in Sources */ = {isa = PBXBuildFile; fileRef = BF947FA1244587520057A6CC /* TestUtils.swift */; };
		D4A473CD2485AA3D00D31710 /* TestUtils.swift in Sources */ = {isa = PBXBuildFile; fileRef = BF947FA1244587520057A6CC /* TestUtils.swift */; };
		D4ABABAB251A7D41008076BF /* AEPEdgeBridge.framework in Frameworks */ = {isa = PBXBuildFile; fileRef = D444995F2519506B0093B364 /* AEPEdgeBridge.framework */; };
		D4ABABAE251A7D95008076BF /* AEPEdgeBridge.framework in Frameworks */ = {isa = PBXBuildFile; fileRef = D444995F2519506B0093B364 /* AEPEdgeBridge.framework */; };
		D4ABABC0251A7F5E008076BF /* AEPEdgeBridge.framework in Frameworks */ = {isa = PBXBuildFile; fileRef = D444995F2519506B0093B364 /* AEPEdgeBridge.framework */; };
		D4D5B57D2432977F00CAB6E4 /* AppDelegate.swift in Sources */ = {isa = PBXBuildFile; fileRef = D4D5B57C2432977F00CAB6E4 /* AppDelegate.swift */; };
		D4D5B57F2432977F00CAB6E4 /* SceneDelegate.swift in Sources */ = {isa = PBXBuildFile; fileRef = D4D5B57E2432977F00CAB6E4 /* SceneDelegate.swift */; };
		D4D5B5812432977F00CAB6E4 /* ContentView.swift in Sources */ = {isa = PBXBuildFile; fileRef = D4D5B5802432977F00CAB6E4 /* ContentView.swift */; };
		D4D5B5832432977F00CAB6E4 /* Assets.xcassets in Resources */ = {isa = PBXBuildFile; fileRef = D4D5B5822432977F00CAB6E4 /* Assets.xcassets */; };
		D4D5B5862432977F00CAB6E4 /* Preview Assets.xcassets in Resources */ = {isa = PBXBuildFile; fileRef = D4D5B5852432977F00CAB6E4 /* Preview Assets.xcassets */; };
/* End PBXBuildFile section */

/* Begin PBXContainerItemProxy section */
		D42F36A5251BEA7E00490C0D /* PBXContainerItemProxy */ = {
			isa = PBXContainerItemProxy;
			containerPortal = D4D5B4DF242EBB1600CAB6E4 /* Project object */;
			proxyType = 1;
			remoteGlobalIDString = D444995E2519506B0093B364;
			remoteInfo = AEPEdge;
		};
		D42F36A7251BEA8300490C0D /* PBXContainerItemProxy */ = {
			isa = PBXContainerItemProxy;
			containerPortal = D4D5B4DF242EBB1600CAB6E4 /* Project object */;
			proxyType = 1;
			remoteGlobalIDString = D444995E2519506B0093B364;
			remoteInfo = AEPEdge;
		};
		D4ABABEB251A889C008076BF /* PBXContainerItemProxy */ = {
			isa = PBXContainerItemProxy;
			containerPortal = D4D5B4DF242EBB1600CAB6E4 /* Project object */;
			proxyType = 1;
			remoteGlobalIDString = D444995E2519506B0093B364;
			remoteInfo = AEPEdge;
		};
/* End PBXContainerItemProxy section */

/* Begin PBXCopyFilesBuildPhase section */
		2EB8E03F2D77730F003ABDA2 /* Embed Frameworks */ = {
			isa = PBXCopyFilesBuildPhase;
			buildActionMask = 2147483647;
			dstPath = "";
			dstSubfolderSpec = 10;
			files = (
			);
			name = "Embed Frameworks";
			runOnlyForDeploymentPostprocessing = 0;
		};
		D496750C25104C2E001F5F95 /* Embed Frameworks */ = {
			isa = PBXCopyFilesBuildPhase;
			buildActionMask = 2147483647;
			dstPath = "";
			dstSubfolderSpec = 10;
			files = (
			);
			name = "Embed Frameworks";
			runOnlyForDeploymentPostprocessing = 0;
		};
		D49675852511D55B001F5F95 /* Embed Frameworks */ = {
			isa = PBXCopyFilesBuildPhase;
			buildActionMask = 2147483647;
			dstPath = "";
			dstSubfolderSpec = 10;
			files = (
			);
			name = "Embed Frameworks";
			runOnlyForDeploymentPostprocessing = 0;
		};
		D49675A12511D710001F5F95 /* Embed Frameworks */ = {
			isa = PBXCopyFilesBuildPhase;
			buildActionMask = 2147483647;
			dstPath = "";
			dstSubfolderSpec = 10;
			files = (
			);
			name = "Embed Frameworks";
			runOnlyForDeploymentPostprocessing = 0;
		};
/* End PBXCopyFilesBuildPhase section */

/* Begin PBXFileReference section */
		0A01FD6EFE2AF4CE1676BF92 /* Pods-TestAppSwiftUI.debug.xcconfig */ = {isa = PBXFileReference; includeInIndex = 1; lastKnownFileType = text.xcconfig; name = "Pods-TestAppSwiftUI.debug.xcconfig"; path = "Target Support Files/Pods-TestAppSwiftUI/Pods-TestAppSwiftUI.debug.xcconfig"; sourceTree = "<group>"; };
		11B4EE6100FFD181D30C8B02 /* Pods-AEPEdgeBridge.debug.xcconfig */ = {isa = PBXFileReference; includeInIndex = 1; lastKnownFileType = text.xcconfig; name = "Pods-AEPEdgeBridge.debug.xcconfig"; path = "Target Support Files/Pods-AEPEdgeBridge/Pods-AEPEdgeBridge.debug.xcconfig"; sourceTree = "<group>"; };
		15C34E73E6CEE8996A87BDBA /* Pods-UnitTests.release.xcconfig */ = {isa = PBXFileReference; includeInIndex = 1; lastKnownFileType = text.xcconfig; name = "Pods-UnitTests.release.xcconfig"; path = "Target Support Files/Pods-UnitTests/Pods-UnitTests.release.xcconfig"; sourceTree = "<group>"; };
		1C48B4061DEFC8C725900DB6 /* Pods_TestApptvOS.framework */ = {isa = PBXFileReference; explicitFileType = wrapper.framework; includeInIndex = 0; path = Pods_TestApptvOS.framework; sourceTree = BUILT_PRODUCTS_DIR; };
		2EB8E0442D77730F003ABDA2 /* TestApptvOS.app */ = {isa = PBXFileReference; explicitFileType = wrapper.application; includeInIndex = 0; path = TestApptvOS.app; sourceTree = BUILT_PRODUCTS_DIR; };
		2EF8F2942D78C08900EEBE04 /* Base */ = {isa = PBXFileReference; lastKnownFileType = file.storyboard; name = Base; path = Base.lproj/LaunchScreen.storyboard; sourceTree = "<group>"; };
		2FC88F9B7B3097FE2B546558 /* Pods-TestAppSwiftUI.release.xcconfig */ = {isa = PBXFileReference; includeInIndex = 1; lastKnownFileType = text.xcconfig; name = "Pods-TestAppSwiftUI.release.xcconfig"; path = "Target Support Files/Pods-TestAppSwiftUI/Pods-TestAppSwiftUI.release.xcconfig"; sourceTree = "<group>"; };
		38CE001D7B4A0F102E0CF14D /* Pods-TestAppiOS.debug.xcconfig */ = {isa = PBXFileReference; includeInIndex = 1; lastKnownFileType = text.xcconfig; name = "Pods-TestAppiOS.debug.xcconfig"; path = "Target Support Files/Pods-TestAppiOS/Pods-TestAppiOS.debug.xcconfig"; sourceTree = "<group>"; };
		4B8946EAB205F842FB9989F1 /* Pods_FunctionalTests.framework */ = {isa = PBXFileReference; explicitFileType = wrapper.framework; includeInIndex = 0; path = Pods_FunctionalTests.framework; sourceTree = BUILT_PRODUCTS_DIR; };
		4C089BC92CF54A8A00CB500C /* FunctionalTestConstants.swift */ = {isa = PBXFileReference; lastKnownFileType = sourcecode.swift; path = FunctionalTestConstants.swift; sourceTree = "<group>"; };
		5477DBC630212B20C449C9E4 /* Pods-UnitTests.debug.xcconfig */ = {isa = PBXFileReference; includeInIndex = 1; lastKnownFileType = text.xcconfig; name = "Pods-UnitTests.debug.xcconfig"; path = "Target Support Files/Pods-UnitTests/Pods-UnitTests.debug.xcconfig"; sourceTree = "<group>"; };
		58C935A34A4326E61B9488B1 /* Pods-FunctionalTests.release.xcconfig */ = {isa = PBXFileReference; includeInIndex = 1; lastKnownFileType = text.xcconfig; name = "Pods-FunctionalTests.release.xcconfig"; path = "Target Support Files/Pods-FunctionalTests/Pods-FunctionalTests.release.xcconfig"; sourceTree = "<group>"; };
		76624E56A50DEFC88CA36F45 /* Pods_TestAppiOS.framework */ = {isa = PBXFileReference; explicitFileType = wrapper.framework; includeInIndex = 0; path = Pods_TestAppiOS.framework; sourceTree = BUILT_PRODUCTS_DIR; };
		7F9870960E40A16E61CFC0C1 /* Pods-TestApptvOS.release.xcconfig */ = {isa = PBXFileReference; includeInIndex = 1; lastKnownFileType = text.xcconfig; name = "Pods-TestApptvOS.release.xcconfig"; path = "Target Support Files/Pods-TestApptvOS/Pods-TestApptvOS.release.xcconfig"; sourceTree = "<group>"; };
		A7DB4B94A10C79A2E4BAD229 /* Pods-TestAppiOS.release.xcconfig */ = {isa = PBXFileReference; includeInIndex = 1; lastKnownFileType = text.xcconfig; name = "Pods-TestAppiOS.release.xcconfig"; path = "Target Support Files/Pods-TestAppiOS/Pods-TestAppiOS.release.xcconfig"; sourceTree = "<group>"; };
		BF4A717826DDAE4B00612434 /* AssuranceView.swift */ = {isa = PBXFileReference; lastKnownFileType = sourcecode.swift; path = AssuranceView.swift; sourceTree = "<group>"; };
		BF5DCF37280653E70057D7D3 /* EdgeBridgeConstants.swift */ = {isa = PBXFileReference; lastKnownFileType = sourcecode.swift; path = EdgeBridgeConstants.swift; sourceTree = "<group>"; };
		BF5DCF392817AE200057D7D3 /* EdgeBridgeFunctionalTests.swift */ = {isa = PBXFileReference; lastKnownFileType = sourcecode.swift; path = EdgeBridgeFunctionalTests.swift; sourceTree = "<group>"; };
		BF5DCF3F2818A6520057D7D3 /* rules_analytics.zip */ = {isa = PBXFileReference; lastKnownFileType = archive.zip; path = rules_analytics.zip; sourceTree = "<group>"; };
		BF7699A32B968E70005F4150 /* FakeSystemInfoService.swift */ = {isa = PBXFileReference; lastKnownFileType = sourcecode.swift; path = FakeSystemInfoService.swift; sourceTree = "<group>"; };
		BF7699A52B969FC6005F4150 /* EdgeBridgeHelper.swift */ = {isa = PBXFileReference; lastKnownFileType = sourcecode.swift; path = EdgeBridgeHelper.swift; sourceTree = "<group>"; };
		BF7E5B362788080500D5E0FF /* EdgeBridge.swift */ = {isa = PBXFileReference; lastKnownFileType = sourcecode.swift; path = EdgeBridge.swift; sourceTree = "<group>"; };
		BF7E5B382788B16800D5E0FF /* EdgeBridgeTests.swift */ = {isa = PBXFileReference; lastKnownFileType = sourcecode.swift; path = EdgeBridgeTests.swift; sourceTree = "<group>"; };
		BF947FA1244587520057A6CC /* TestUtils.swift */ = {isa = PBXFileReference; lastKnownFileType = sourcecode.swift; path = TestUtils.swift; sourceTree = "<group>"; };
		C4CB86E898B2FD6FB0CD9CC8 /* Pods-TestApptvOS.debug.xcconfig */ = {isa = PBXFileReference; includeInIndex = 1; lastKnownFileType = text.xcconfig; name = "Pods-TestApptvOS.debug.xcconfig"; path = "Target Support Files/Pods-TestApptvOS/Pods-TestApptvOS.debug.xcconfig"; sourceTree = "<group>"; };
		C7B429386A4136B8FC9E467B /* Pods_AEPEdgeBridge.framework */ = {isa = PBXFileReference; explicitFileType = wrapper.framework; includeInIndex = 0; path = Pods_AEPEdgeBridge.framework; sourceTree = BUILT_PRODUCTS_DIR; };
		CBE94B923FF16061DAFA46C6 /* Pods_UnitTests.framework */ = {isa = PBXFileReference; explicitFileType = wrapper.framework; includeInIndex = 0; path = Pods_UnitTests.framework; sourceTree = BUILT_PRODUCTS_DIR; };
		D444995F2519506B0093B364 /* AEPEdgeBridge.framework */ = {isa = PBXFileReference; explicitFileType = wrapper.framework; includeInIndex = 0; path = AEPEdgeBridge.framework; sourceTree = BUILT_PRODUCTS_DIR; };
		D4967534251130D3001F5F95 /* Info.plist */ = {isa = PBXFileReference; fileEncoding = 4; lastKnownFileType = text.plist.xml; path = Info.plist; sourceTree = "<group>"; };
		D49A628E250AE4F500B7C4A3 /* EventHub+Test.swift */ = {isa = PBXFileReference; lastKnownFileType = sourcecode.swift; path = "EventHub+Test.swift"; sourceTree = "<group>"; };
		D49A6293250AEEF000B7C4A3 /* UserDefaults+Test.swift */ = {isa = PBXFileReference; lastKnownFileType = sourcecode.swift; path = "UserDefaults+Test.swift"; sourceTree = "<group>"; };
		D4ABABDA251A8142008076BF /* UIKit.framework */ = {isa = PBXFileReference; lastKnownFileType = wrapper.framework; name = UIKit.framework; path = System/Library/Frameworks/UIKit.framework; sourceTree = SDKROOT; };
		D4D5B5212432599B00CAB6E4 /* UnitTests.xctest */ = {isa = PBXFileReference; explicitFileType = wrapper.cfbundle; includeInIndex = 0; path = UnitTests.xctest; sourceTree = BUILT_PRODUCTS_DIR; };
		D4D5B5252432599B00CAB6E4 /* Info.plist */ = {isa = PBXFileReference; lastKnownFileType = text.plist.xml; path = Info.plist; sourceTree = "<group>"; };
		D4D5B53324325AB700CAB6E4 /* FunctionalTests.xctest */ = {isa = PBXFileReference; explicitFileType = wrapper.cfbundle; includeInIndex = 0; path = FunctionalTests.xctest; sourceTree = BUILT_PRODUCTS_DIR; };
		D4D5B53724325AB700CAB6E4 /* Info.plist */ = {isa = PBXFileReference; lastKnownFileType = text.plist.xml; path = Info.plist; sourceTree = "<group>"; };
		D4D5B57A2432977F00CAB6E4 /* TestAppiOS.app */ = {isa = PBXFileReference; explicitFileType = wrapper.application; includeInIndex = 0; path = TestAppiOS.app; sourceTree = BUILT_PRODUCTS_DIR; };
		D4D5B57C2432977F00CAB6E4 /* AppDelegate.swift */ = {isa = PBXFileReference; lastKnownFileType = sourcecode.swift; path = AppDelegate.swift; sourceTree = "<group>"; };
		D4D5B57E2432977F00CAB6E4 /* SceneDelegate.swift */ = {isa = PBXFileReference; lastKnownFileType = sourcecode.swift; path = SceneDelegate.swift; sourceTree = "<group>"; };
		D4D5B5802432977F00CAB6E4 /* ContentView.swift */ = {isa = PBXFileReference; lastKnownFileType = sourcecode.swift; path = ContentView.swift; sourceTree = "<group>"; };
		D4D5B5822432977F00CAB6E4 /* Assets.xcassets */ = {isa = PBXFileReference; lastKnownFileType = folder.assetcatalog; path = Assets.xcassets; sourceTree = "<group>"; };
		D4D5B5852432977F00CAB6E4 /* Preview Assets.xcassets */ = {isa = PBXFileReference; lastKnownFileType = folder.assetcatalog; path = "Preview Assets.xcassets"; sourceTree = "<group>"; };
		D4D5B58A2432977F00CAB6E4 /* Info.plist */ = {isa = PBXFileReference; lastKnownFileType = text.plist.xml; path = Info.plist; sourceTree = "<group>"; };
		D4D66AA2251910FB00B4866D /* AEPEdgeBridge.h */ = {isa = PBXFileReference; lastKnownFileType = sourcecode.c.h; path = AEPEdgeBridge.h; sourceTree = "<group>"; };
		EBB8C07EBA847180C516E23E /* Pods-FunctionalTests.debug.xcconfig */ = {isa = PBXFileReference; includeInIndex = 1; lastKnownFileType = text.xcconfig; name = "Pods-FunctionalTests.debug.xcconfig"; path = "Target Support Files/Pods-FunctionalTests/Pods-FunctionalTests.debug.xcconfig"; sourceTree = "<group>"; };
		F47BD89CE76DDAB4B043FD67 /* Pods-AEPEdgeBridge.release.xcconfig */ = {isa = PBXFileReference; includeInIndex = 1; lastKnownFileType = text.xcconfig; name = "Pods-AEPEdgeBridge.release.xcconfig"; path = "Target Support Files/Pods-AEPEdgeBridge/Pods-AEPEdgeBridge.release.xcconfig"; sourceTree = "<group>"; };
/* End PBXFileReference section */

/* Begin PBXFrameworksBuildPhase section */
		2EB8E0372D77730F003ABDA2 /* Frameworks */ = {
			isa = PBXFrameworksBuildPhase;
			buildActionMask = 2147483647;
			files = (
				2EB8E0382D77730F003ABDA2 /* AEPEdgeBridge.framework in Frameworks */,
				834A2868E75756D9E130655D /* Pods_TestApptvOS.framework in Frameworks */,
			);
			runOnlyForDeploymentPostprocessing = 0;
		};
		D444995C2519506B0093B364 /* Frameworks */ = {
			isa = PBXFrameworksBuildPhase;
			buildActionMask = 2147483647;
			files = (
				5B1D20FED82EBE279C912E01 /* Pods_AEPEdgeBridge.framework in Frameworks */,
			);
			runOnlyForDeploymentPostprocessing = 0;
		};
		D4D5B51E2432599B00CAB6E4 /* Frameworks */ = {
			isa = PBXFrameworksBuildPhase;
			buildActionMask = 2147483647;
			files = (
				D4ABABAE251A7D95008076BF /* AEPEdgeBridge.framework in Frameworks */,
				49FD17161BDF671E27C6E44D /* Pods_UnitTests.framework in Frameworks */,
			);
			runOnlyForDeploymentPostprocessing = 0;
		};
		D4D5B53024325AB700CAB6E4 /* Frameworks */ = {
			isa = PBXFrameworksBuildPhase;
			buildActionMask = 2147483647;
			files = (
				D4ABABAB251A7D41008076BF /* AEPEdgeBridge.framework in Frameworks */,
				0334655BE881D0E2693A80C8 /* Pods_FunctionalTests.framework in Frameworks */,
			);
			runOnlyForDeploymentPostprocessing = 0;
		};
		D4D5B5772432977F00CAB6E4 /* Frameworks */ = {
			isa = PBXFrameworksBuildPhase;
			buildActionMask = 2147483647;
			files = (
				D4ABABC0251A7F5E008076BF /* AEPEdgeBridge.framework in Frameworks */,
				904FAAFF81F1834A772AD36F /* Pods_TestAppiOS.framework in Frameworks */,
			);
			runOnlyForDeploymentPostprocessing = 0;
		};
/* End PBXFrameworksBuildPhase section */

/* Begin PBXGroup section */
		3BB2159D8E84140309C411FF /* Frameworks */ = {
			isa = PBXGroup;
			children = (
				D4ABABDA251A8142008076BF /* UIKit.framework */,
				C7B429386A4136B8FC9E467B /* Pods_AEPEdgeBridge.framework */,
				4B8946EAB205F842FB9989F1 /* Pods_FunctionalTests.framework */,
				CBE94B923FF16061DAFA46C6 /* Pods_UnitTests.framework */,
				1C48B4061DEFC8C725900DB6 /* Pods_TestApptvOS.framework */,
				76624E56A50DEFC88CA36F45 /* Pods_TestAppiOS.framework */,
			);
			name = Frameworks;
			sourceTree = "<group>";
		};
		4C089BCE2CF54F4100CB500C /* util */ = {
			isa = PBXGroup;
			children = (
				4C089BC92CF54A8A00CB500C /* FunctionalTestConstants.swift */,
			);
			path = util;
			sourceTree = "<group>";
		};
		BF5DCF3B2818A5680057D7D3 /* resources */ = {
			isa = PBXGroup;
			children = (
				BF5DCF3F2818A6520057D7D3 /* rules_analytics.zip */,
			);
			path = resources;
			sourceTree = "<group>";
		};
		D4655403246DF3B000A150E2 /* TestUtils */ = {
			isa = PBXGroup;
			children = (
				BF5DCF3B2818A5680057D7D3 /* resources */,
				D49A628E250AE4F500B7C4A3 /* EventHub+Test.swift */,
				BF7699A32B968E70005F4150 /* FakeSystemInfoService.swift */,
				BF947FA1244587520057A6CC /* TestUtils.swift */,
				D49A6293250AEEF000B7C4A3 /* UserDefaults+Test.swift */,
			);
			name = TestUtils;
			path = Tests/TestUtils;
			sourceTree = "<group>";
		};
		D4D5B4DE242EBB1600CAB6E4 = {
			isa = PBXGroup;
			children = (
				D4D5B4E9242EBB1600CAB6E4 /* Sources */,
				D4D5B4F1242EBD2200CAB6E4 /* UnitTests */,
				D4D5B4F2242EBFAE00CAB6E4 /* FunctionalTests */,
				D4655403246DF3B000A150E2 /* TestUtils */,
				D4D5B57B2432977F00CAB6E4 /* TestAppSwiftUI */,
				D4D5B4E8242EBB1600CAB6E4 /* Products */,
				E5239B915F53B993A1976FC4 /* Pods */,
				3BB2159D8E84140309C411FF /* Frameworks */,
			);
			sourceTree = "<group>";
		};
		D4D5B4E8242EBB1600CAB6E4 /* Products */ = {
			isa = PBXGroup;
			children = (
				D4D5B5212432599B00CAB6E4 /* UnitTests.xctest */,
				D4D5B53324325AB700CAB6E4 /* FunctionalTests.xctest */,
				D4D5B57A2432977F00CAB6E4 /* TestAppiOS.app */,
				D444995F2519506B0093B364 /* AEPEdgeBridge.framework */,
				2EB8E0442D77730F003ABDA2 /* TestApptvOS.app */,
			);
			name = Products;
			sourceTree = "<group>";
		};
		D4D5B4E9242EBB1600CAB6E4 /* Sources */ = {
			isa = PBXGroup;
			children = (
				D4967534251130D3001F5F95 /* Info.plist */,
				D4D66AA2251910FB00B4866D /* AEPEdgeBridge.h */,
				BF7E5B362788080500D5E0FF /* EdgeBridge.swift */,
				BF5DCF37280653E70057D7D3 /* EdgeBridgeConstants.swift */,
				BF7699A52B969FC6005F4150 /* EdgeBridgeHelper.swift */,
			);
			path = Sources;
			sourceTree = "<group>";
		};
		D4D5B4F1242EBD2200CAB6E4 /* UnitTests */ = {
			isa = PBXGroup;
			children = (
				D4D5B5252432599B00CAB6E4 /* Info.plist */,
				BF7E5B382788B16800D5E0FF /* EdgeBridgeTests.swift */,
			);
			name = UnitTests;
			path = Tests/UnitTests;
			sourceTree = "<group>";
		};
		D4D5B4F2242EBFAE00CAB6E4 /* FunctionalTests */ = {
			isa = PBXGroup;
			children = (
				4C089BCE2CF54F4100CB500C /* util */,
				D4D5B53724325AB700CAB6E4 /* Info.plist */,
				BF5DCF392817AE200057D7D3 /* EdgeBridgeFunctionalTests.swift */,
			);
			name = FunctionalTests;
			path = Tests/FunctionalTests;
			sourceTree = "<group>";
		};
		D4D5B57B2432977F00CAB6E4 /* TestAppSwiftUI */ = {
			isa = PBXGroup;
			children = (
				2EF8F2932D78C08900EEBE04 /* LaunchScreen.storyboard */,
				D4D5B57C2432977F00CAB6E4 /* AppDelegate.swift */,
				D4D5B57E2432977F00CAB6E4 /* SceneDelegate.swift */,
				D4D5B5802432977F00CAB6E4 /* ContentView.swift */,
				D4D5B5822432977F00CAB6E4 /* Assets.xcassets */,
				D4D5B58A2432977F00CAB6E4 /* Info.plist */,
				D4D5B5842432977F00CAB6E4 /* Preview Content */,
				BF4A717826DDAE4B00612434 /* AssuranceView.swift */,
			);
			name = TestAppSwiftUI;
			path = TestApps/TestAppSwiftUI;
			sourceTree = "<group>";
		};
		D4D5B5842432977F00CAB6E4 /* Preview Content */ = {
			isa = PBXGroup;
			children = (
				D4D5B5852432977F00CAB6E4 /* Preview Assets.xcassets */,
			);
			path = "Preview Content";
			sourceTree = "<group>";
		};
		E5239B915F53B993A1976FC4 /* Pods */ = {
			isa = PBXGroup;
			children = (
				11B4EE6100FFD181D30C8B02 /* Pods-AEPEdgeBridge.debug.xcconfig */,
				F47BD89CE76DDAB4B043FD67 /* Pods-AEPEdgeBridge.release.xcconfig */,
				EBB8C07EBA847180C516E23E /* Pods-FunctionalTests.debug.xcconfig */,
				58C935A34A4326E61B9488B1 /* Pods-FunctionalTests.release.xcconfig */,
				0A01FD6EFE2AF4CE1676BF92 /* Pods-TestAppSwiftUI.debug.xcconfig */,
				2FC88F9B7B3097FE2B546558 /* Pods-TestAppSwiftUI.release.xcconfig */,
				5477DBC630212B20C449C9E4 /* Pods-UnitTests.debug.xcconfig */,
				15C34E73E6CEE8996A87BDBA /* Pods-UnitTests.release.xcconfig */,
				C4CB86E898B2FD6FB0CD9CC8 /* Pods-TestApptvOS.debug.xcconfig */,
				7F9870960E40A16E61CFC0C1 /* Pods-TestApptvOS.release.xcconfig */,
				38CE001D7B4A0F102E0CF14D /* Pods-TestAppiOS.debug.xcconfig */,
				A7DB4B94A10C79A2E4BAD229 /* Pods-TestAppiOS.release.xcconfig */,
			);
			path = Pods;
			sourceTree = "<group>";
		};
/* End PBXGroup section */

/* Begin PBXHeadersBuildPhase section */
		D444995A2519506B0093B364 /* Headers */ = {
			isa = PBXHeadersBuildPhase;
			buildActionMask = 2147483647;
			files = (
				D42F36BA251C185000490C0D /* AEPEdgeBridge.h in Headers */,
			);
			runOnlyForDeploymentPostprocessing = 0;
		};
/* End PBXHeadersBuildPhase section */

/* Begin PBXNativeTarget section */
		2EB8E0302D77730F003ABDA2 /* TestApptvOS */ = {
			isa = PBXNativeTarget;
			buildConfigurationList = 2EB8E0412D77730F003ABDA2 /* Build configuration list for PBXNativeTarget "TestApptvOS" */;
			buildPhases = (
				2EB8E0312D77730F003ABDA2 /* [CP] Check Pods Manifest.lock */,
				2EB8E0322D77730F003ABDA2 /* Sources */,
				2EB8E0372D77730F003ABDA2 /* Frameworks */,
				2EB8E03A2D77730F003ABDA2 /* Resources */,
				2EB8E03E2D77730F003ABDA2 /* ShellScript */,
				2EB8E03F2D77730F003ABDA2 /* Embed Frameworks */,
				2EB8E0402D77730F003ABDA2 /* [CP] Embed Pods Frameworks */,
			);
			buildRules = (
			);
			dependencies = (
			);
			name = TestApptvOS;
			productName = AEPCommerceDemoApp;
			productReference = 2EB8E0442D77730F003ABDA2 /* TestApptvOS.app */;
			productType = "com.apple.product-type.application";
		};
		D444995E2519506B0093B364 /* AEPEdgeBridge */ = {
			isa = PBXNativeTarget;
			buildConfigurationList = D44499642519506B0093B364 /* Build configuration list for PBXNativeTarget "AEPEdgeBridge" */;
			buildPhases = (
				9D6C98FD14926D522BA31D3F /* [CP] Check Pods Manifest.lock */,
				D444995A2519506B0093B364 /* Headers */,
				D444995B2519506B0093B364 /* Sources */,
				D444995C2519506B0093B364 /* Frameworks */,
				D444995D2519506B0093B364 /* Resources */,
				D42F36B7251BEBF100490C0D /* Run Script */,
			);
			buildRules = (
			);
			dependencies = (
			);
			name = AEPEdgeBridge;
			productName = AEPEdge;
			productReference = D444995F2519506B0093B364 /* AEPEdgeBridge.framework */;
			productType = "com.apple.product-type.framework";
		};
		D4D5B5202432599B00CAB6E4 /* UnitTests */ = {
			isa = PBXNativeTarget;
			buildConfigurationList = D4D5B5292432599B00CAB6E4 /* Build configuration list for PBXNativeTarget "UnitTests" */;
			buildPhases = (
				E3A064EA739C4B24D152C7BC /* [CP] Check Pods Manifest.lock */,
				D4D5B51D2432599B00CAB6E4 /* Sources */,
				D4D5B51E2432599B00CAB6E4 /* Frameworks */,
				D4D5B51F2432599B00CAB6E4 /* Resources */,
				BF024B7524C01AB2002131E9 /* ShellScript */,
				D49675852511D55B001F5F95 /* Embed Frameworks */,
				754FE9D3330DAC94603592A8 /* [CP] Embed Pods Frameworks */,
			);
			buildRules = (
			);
			dependencies = (
				D42F36A6251BEA7E00490C0D /* PBXTargetDependency */,
			);
			name = UnitTests;
			productName = UnitTests;
			productReference = D4D5B5212432599B00CAB6E4 /* UnitTests.xctest */;
			productType = "com.apple.product-type.bundle.unit-test";
		};
		D4D5B53224325AB700CAB6E4 /* FunctionalTests */ = {
			isa = PBXNativeTarget;
			buildConfigurationList = D4D5B53B24325AB800CAB6E4 /* Build configuration list for PBXNativeTarget "FunctionalTests" */;
			buildPhases = (
				CD65B7A519A22D78D158F61C /* [CP] Check Pods Manifest.lock */,
				D4D5B52F24325AB700CAB6E4 /* Sources */,
				D4D5B53024325AB700CAB6E4 /* Frameworks */,
				D4D5B53124325AB700CAB6E4 /* Resources */,
				BF024B7624C01D02002131E9 /* ShellScript */,
				D49675A12511D710001F5F95 /* Embed Frameworks */,
				5AB9B1653A3E05A75A780446 /* [CP] Embed Pods Frameworks */,
			);
			buildRules = (
			);
			dependencies = (
				D42F36A8251BEA8300490C0D /* PBXTargetDependency */,
			);
			name = FunctionalTests;
			productName = functionalTests;
			productReference = D4D5B53324325AB700CAB6E4 /* FunctionalTests.xctest */;
			productType = "com.apple.product-type.bundle.unit-test";
		};
		D4D5B5792432977F00CAB6E4 /* TestAppiOS */ = {
			isa = PBXNativeTarget;
			buildConfigurationList = D4D5B58D2432977F00CAB6E4 /* Build configuration list for PBXNativeTarget "TestAppiOS" */;
			buildPhases = (
				976445A84DA224BF345CB67F /* [CP] Check Pods Manifest.lock */,
				D4D5B5762432977F00CAB6E4 /* Sources */,
				D4D5B5772432977F00CAB6E4 /* Frameworks */,
				D4D5B5782432977F00CAB6E4 /* Resources */,
				BF024B7424BFDC8B002131E9 /* ShellScript */,
				D496750C25104C2E001F5F95 /* Embed Frameworks */,
				CA761D23BF0CBB881AE7E1B1 /* [CP] Embed Pods Frameworks */,
			);
			buildRules = (
			);
			dependencies = (
			);
			name = TestAppiOS;
			productName = AEPCommerceDemoApp;
			productReference = D4D5B57A2432977F00CAB6E4 /* TestAppiOS.app */;
			productType = "com.apple.product-type.application";
		};
/* End PBXNativeTarget section */

/* Begin PBXProject section */
		D4D5B4DF242EBB1600CAB6E4 /* Project object */ = {
			isa = PBXProject;
			attributes = {
				LastSwiftUpdateCheck = 1340;
				LastUpgradeCheck = 1520;
				TargetAttributes = {
					D444995E2519506B0093B364 = {
						CreatedOnToolsVersion = 12.0;
					};
					D496756B25117262001F5F95 = {
						CreatedOnToolsVersion = 11.7;
					};
					D4D5B5202432599B00CAB6E4 = {
						CreatedOnToolsVersion = 11.3.1;
					};
					D4D5B53224325AB700CAB6E4 = {
						CreatedOnToolsVersion = 11.3.1;
					};
					D4D5B5792432977F00CAB6E4 = {
						CreatedOnToolsVersion = 11.3.1;
					};
				};
			};
			buildConfigurationList = D4D5B4E2242EBB1600CAB6E4 /* Build configuration list for PBXProject "AEPEdgeBridge" */;
			compatibilityVersion = "Xcode 9.3";
			developmentRegion = en;
			hasScannedForEncodings = 0;
			knownRegions = (
				en,
				Base,
			);
			mainGroup = D4D5B4DE242EBB1600CAB6E4;
			productRefGroup = D4D5B4E8242EBB1600CAB6E4 /* Products */;
			projectDirPath = "";
			projectRoot = "";
			targets = (
				D444995E2519506B0093B364 /* AEPEdgeBridge */,
				D4D5B5202432599B00CAB6E4 /* UnitTests */,
				D4D5B53224325AB700CAB6E4 /* FunctionalTests */,
				D4D5B5792432977F00CAB6E4 /* TestAppiOS */,
				D496756B25117262001F5F95 /* AEPEdgeBridgeXCF */,
				2EB8E0302D77730F003ABDA2 /* TestApptvOS */,
			);
		};
/* End PBXProject section */

/* Begin PBXResourcesBuildPhase section */
		2EB8E03A2D77730F003ABDA2 /* Resources */ = {
			isa = PBXResourcesBuildPhase;
			buildActionMask = 2147483647;
			files = (
				2EB8E03C2D77730F003ABDA2 /* Preview Assets.xcassets in Resources */,
				2EB8E03D2D77730F003ABDA2 /* Assets.xcassets in Resources */,
			);
			runOnlyForDeploymentPostprocessing = 0;
		};
		D444995D2519506B0093B364 /* Resources */ = {
			isa = PBXResourcesBuildPhase;
			buildActionMask = 2147483647;
			files = (
			);
			runOnlyForDeploymentPostprocessing = 0;
		};
		D4D5B51F2432599B00CAB6E4 /* Resources */ = {
			isa = PBXResourcesBuildPhase;
			buildActionMask = 2147483647;
			files = (
				BF5DCF402818A6520057D7D3 /* rules_analytics.zip in Resources */,
			);
			runOnlyForDeploymentPostprocessing = 0;
		};
		D4D5B53124325AB700CAB6E4 /* Resources */ = {
			isa = PBXResourcesBuildPhase;
			buildActionMask = 2147483647;
			files = (
				BF5DCF412818A6520057D7D3 /* rules_analytics.zip in Resources */,
			);
			runOnlyForDeploymentPostprocessing = 0;
		};
		D4D5B5782432977F00CAB6E4 /* Resources */ = {
			isa = PBXResourcesBuildPhase;
			buildActionMask = 2147483647;
			files = (
				2EF8F2952D78C08900EEBE04 /* LaunchScreen.storyboard in Resources */,
				D4D5B5862432977F00CAB6E4 /* Preview Assets.xcassets in Resources */,
				D4D5B5832432977F00CAB6E4 /* Assets.xcassets in Resources */,
			);
			runOnlyForDeploymentPostprocessing = 0;
		};
/* End PBXResourcesBuildPhase section */

/* Begin PBXShellScriptBuildPhase section */
		2EB8E0312D77730F003ABDA2 /* [CP] Check Pods Manifest.lock */ = {
			isa = PBXShellScriptBuildPhase;
			buildActionMask = 2147483647;
			files = (
			);
			inputFileListPaths = (
			);
			inputPaths = (
				"${PODS_PODFILE_DIR_PATH}/Podfile.lock",
				"${PODS_ROOT}/Manifest.lock",
			);
			name = "[CP] Check Pods Manifest.lock";
			outputFileListPaths = (
			);
			outputPaths = (
				"$(DERIVED_FILE_DIR)/Pods-TestApptvOS-checkManifestLockResult.txt",
			);
			runOnlyForDeploymentPostprocessing = 0;
			shellPath = /bin/sh;
			shellScript = "diff \"${PODS_PODFILE_DIR_PATH}/Podfile.lock\" \"${PODS_ROOT}/Manifest.lock\" > /dev/null\nif [ $? != 0 ] ; then\n    # print error to STDERR\n    echo \"error: The sandbox is not in sync with the Podfile.lock. Run 'pod install' or update your CocoaPods installation.\" >&2\n    exit 1\nfi\n# This output is used by Xcode 'outputs' to avoid re-running this script phase.\necho \"SUCCESS\" > \"${SCRIPT_OUTPUT_FILE_0}\"\n";
			showEnvVarsInLog = 0;
		};
		2EB8E03E2D77730F003ABDA2 /* ShellScript */ = {
			isa = PBXShellScriptBuildPhase;
			alwaysOutOfDate = 1;
			buildActionMask = 2147483647;
			files = (
			);
			inputFileListPaths = (
			);
			inputPaths = (
			);
			outputFileListPaths = (
			);
			outputPaths = (
			);
			runOnlyForDeploymentPostprocessing = 0;
			shellPath = /bin/sh;
			shellScript = "if which swiftlint >/dev/null; then\n    ./Pods/SwiftLint/swiftlint lint --config ${SRCROOT}/.swiftlint.yml TestApps/TestAppSwiftUI\nelse\n    echo \"SwiftLint is not installed, please run the pod install command from the project root directory.\"\nfi\n\n";
		};
		2EB8E0402D77730F003ABDA2 /* [CP] Embed Pods Frameworks */ = {
			isa = PBXShellScriptBuildPhase;
			buildActionMask = 2147483647;
			files = (
			);
			inputFileListPaths = (
				"${PODS_ROOT}/Target Support Files/Pods-TestApptvOS/Pods-TestApptvOS-frameworks-${CONFIGURATION}-input-files.xcfilelist",
			);
			name = "[CP] Embed Pods Frameworks";
			outputFileListPaths = (
				"${PODS_ROOT}/Target Support Files/Pods-TestApptvOS/Pods-TestApptvOS-frameworks-${CONFIGURATION}-output-files.xcfilelist",
			);
			runOnlyForDeploymentPostprocessing = 0;
			shellPath = /bin/sh;
			shellScript = "\"${PODS_ROOT}/Target Support Files/Pods-TestApptvOS/Pods-TestApptvOS-frameworks.sh\"\n";
			showEnvVarsInLog = 0;
		};
		5AB9B1653A3E05A75A780446 /* [CP] Embed Pods Frameworks */ = {
			isa = PBXShellScriptBuildPhase;
			buildActionMask = 2147483647;
			files = (
			);
			inputFileListPaths = (
				"${PODS_ROOT}/Target Support Files/Pods-FunctionalTests/Pods-FunctionalTests-frameworks-${CONFIGURATION}-input-files.xcfilelist",
			);
			name = "[CP] Embed Pods Frameworks";
			outputFileListPaths = (
				"${PODS_ROOT}/Target Support Files/Pods-FunctionalTests/Pods-FunctionalTests-frameworks-${CONFIGURATION}-output-files.xcfilelist",
			);
			runOnlyForDeploymentPostprocessing = 0;
			shellPath = /bin/sh;
			shellScript = "\"${PODS_ROOT}/Target Support Files/Pods-FunctionalTests/Pods-FunctionalTests-frameworks.sh\"\n";
			showEnvVarsInLog = 0;
		};
		754FE9D3330DAC94603592A8 /* [CP] Embed Pods Frameworks */ = {
			isa = PBXShellScriptBuildPhase;
			buildActionMask = 2147483647;
			files = (
			);
			inputFileListPaths = (
				"${PODS_ROOT}/Target Support Files/Pods-UnitTests/Pods-UnitTests-frameworks-${CONFIGURATION}-input-files.xcfilelist",
			);
			name = "[CP] Embed Pods Frameworks";
			outputFileListPaths = (
				"${PODS_ROOT}/Target Support Files/Pods-UnitTests/Pods-UnitTests-frameworks-${CONFIGURATION}-output-files.xcfilelist",
			);
			runOnlyForDeploymentPostprocessing = 0;
			shellPath = /bin/sh;
			shellScript = "\"${PODS_ROOT}/Target Support Files/Pods-UnitTests/Pods-UnitTests-frameworks.sh\"\n";
			showEnvVarsInLog = 0;
		};
		976445A84DA224BF345CB67F /* [CP] Check Pods Manifest.lock */ = {
			isa = PBXShellScriptBuildPhase;
			buildActionMask = 2147483647;
			files = (
			);
			inputFileListPaths = (
			);
			inputPaths = (
				"${PODS_PODFILE_DIR_PATH}/Podfile.lock",
				"${PODS_ROOT}/Manifest.lock",
			);
			name = "[CP] Check Pods Manifest.lock";
			outputFileListPaths = (
			);
			outputPaths = (
				"$(DERIVED_FILE_DIR)/Pods-TestAppiOS-checkManifestLockResult.txt",
			);
			runOnlyForDeploymentPostprocessing = 0;
			shellPath = /bin/sh;
			shellScript = "diff \"${PODS_PODFILE_DIR_PATH}/Podfile.lock\" \"${PODS_ROOT}/Manifest.lock\" > /dev/null\nif [ $? != 0 ] ; then\n    # print error to STDERR\n    echo \"error: The sandbox is not in sync with the Podfile.lock. Run 'pod install' or update your CocoaPods installation.\" >&2\n    exit 1\nfi\n# This output is used by Xcode 'outputs' to avoid re-running this script phase.\necho \"SUCCESS\" > \"${SCRIPT_OUTPUT_FILE_0}\"\n";
			showEnvVarsInLog = 0;
		};
		9D6C98FD14926D522BA31D3F /* [CP] Check Pods Manifest.lock */ = {
			isa = PBXShellScriptBuildPhase;
			buildActionMask = 2147483647;
			files = (
			);
			inputFileListPaths = (
			);
			inputPaths = (
				"${PODS_PODFILE_DIR_PATH}/Podfile.lock",
				"${PODS_ROOT}/Manifest.lock",
			);
			name = "[CP] Check Pods Manifest.lock";
			outputFileListPaths = (
			);
			outputPaths = (
				"$(DERIVED_FILE_DIR)/Pods-AEPEdgeBridge-checkManifestLockResult.txt",
			);
			runOnlyForDeploymentPostprocessing = 0;
			shellPath = /bin/sh;
			shellScript = "diff \"${PODS_PODFILE_DIR_PATH}/Podfile.lock\" \"${PODS_ROOT}/Manifest.lock\" > /dev/null\nif [ $? != 0 ] ; then\n    # print error to STDERR\n    echo \"error: The sandbox is not in sync with the Podfile.lock. Run 'pod install' or update your CocoaPods installation.\" >&2\n    exit 1\nfi\n# This output is used by Xcode 'outputs' to avoid re-running this script phase.\necho \"SUCCESS\" > \"${SCRIPT_OUTPUT_FILE_0}\"\n";
			showEnvVarsInLog = 0;
		};
		BF024B7424BFDC8B002131E9 /* ShellScript */ = {
			isa = PBXShellScriptBuildPhase;
			alwaysOutOfDate = 1;
			buildActionMask = 2147483647;
			files = (
			);
			inputFileListPaths = (
			);
			inputPaths = (
			);
			outputFileListPaths = (
			);
			outputPaths = (
			);
			runOnlyForDeploymentPostprocessing = 0;
			shellPath = /bin/sh;
			shellScript = "if which swiftlint >/dev/null; then\n    ./Pods/SwiftLint/swiftlint lint --config ${SRCROOT}/.swiftlint.yml TestApps/TestAppSwiftUI\nelse\n    echo \"SwiftLint is not installed, please run the pod install command from the project root directory.\"\nfi\n\n";
		};
		BF024B7524C01AB2002131E9 /* ShellScript */ = {
			isa = PBXShellScriptBuildPhase;
			alwaysOutOfDate = 1;
			buildActionMask = 2147483647;
			files = (
			);
			inputFileListPaths = (
			);
			inputPaths = (
			);
			outputFileListPaths = (
			);
			outputPaths = (
			);
			runOnlyForDeploymentPostprocessing = 0;
			shellPath = /bin/sh;
			shellScript = "if [[ -z ${ADB_SKIP_LINT} || ${ADB_SKIP_LINT} -ne \"YES\" ]]; then\n    if which ${PODS_ROOT}/SwiftLint/swiftlint >/dev/null; then\n        ${PODS_ROOT}/SwiftLint/swiftlint lint --config ${SRCROOT}/Tests/TestUtils/.swiftlint.yml Tests/UnitTests\n    else\n        echo \"warning: SwiftLint is not installed, please run the pod install command from the project root directory.\"\n    fi\nelse\n    echo \"Skipping linting build phase as ADB_SKIP_LINT flag is YES.\"\nfi\n\n\n";
		};
		BF024B7624C01D02002131E9 /* ShellScript */ = {
			isa = PBXShellScriptBuildPhase;
			alwaysOutOfDate = 1;
			buildActionMask = 2147483647;
			files = (
			);
			inputFileListPaths = (
			);
			inputPaths = (
			);
			outputFileListPaths = (
			);
			outputPaths = (
			);
			runOnlyForDeploymentPostprocessing = 0;
			shellPath = /bin/sh;
			shellScript = "if [[ -z ${ADB_SKIP_LINT} || ${ADB_SKIP_LINT} -ne \"YES\" ]]; then\n    if which ${PODS_ROOT}/SwiftLint/swiftlint >/dev/null; then\n        ${PODS_ROOT}/SwiftLint/swiftlint lint --config ${SRCROOT}/Tests/TestUtils/.swiftlint.yml Tests/FunctionalTests\n    else\n        echo \"warning: SwiftLint is not installed, please run the pod install command from the project root directory.\"\n    fi\nelse\n    echo \"Skipping linting build phase as ADB_SKIP_LINT flag is YES.\"\nfi\n\n\n";
		};
		CA761D23BF0CBB881AE7E1B1 /* [CP] Embed Pods Frameworks */ = {
			isa = PBXShellScriptBuildPhase;
			buildActionMask = 2147483647;
			files = (
			);
			inputFileListPaths = (
				"${PODS_ROOT}/Target Support Files/Pods-TestAppiOS/Pods-TestAppiOS-frameworks-${CONFIGURATION}-input-files.xcfilelist",
			);
			name = "[CP] Embed Pods Frameworks";
			outputFileListPaths = (
				"${PODS_ROOT}/Target Support Files/Pods-TestAppiOS/Pods-TestAppiOS-frameworks-${CONFIGURATION}-output-files.xcfilelist",
			);
			runOnlyForDeploymentPostprocessing = 0;
			shellPath = /bin/sh;
			shellScript = "\"${PODS_ROOT}/Target Support Files/Pods-TestAppiOS/Pods-TestAppiOS-frameworks.sh\"\n";
			showEnvVarsInLog = 0;
		};
		CD65B7A519A22D78D158F61C /* [CP] Check Pods Manifest.lock */ = {
			isa = PBXShellScriptBuildPhase;
			buildActionMask = 2147483647;
			files = (
			);
			inputFileListPaths = (
			);
			inputPaths = (
				"${PODS_PODFILE_DIR_PATH}/Podfile.lock",
				"${PODS_ROOT}/Manifest.lock",
			);
			name = "[CP] Check Pods Manifest.lock";
			outputFileListPaths = (
			);
			outputPaths = (
				"$(DERIVED_FILE_DIR)/Pods-FunctionalTests-checkManifestLockResult.txt",
			);
			runOnlyForDeploymentPostprocessing = 0;
			shellPath = /bin/sh;
			shellScript = "diff \"${PODS_PODFILE_DIR_PATH}/Podfile.lock\" \"${PODS_ROOT}/Manifest.lock\" > /dev/null\nif [ $? != 0 ] ; then\n    # print error to STDERR\n    echo \"error: The sandbox is not in sync with the Podfile.lock. Run 'pod install' or update your CocoaPods installation.\" >&2\n    exit 1\nfi\n# This output is used by Xcode 'outputs' to avoid re-running this script phase.\necho \"SUCCESS\" > \"${SCRIPT_OUTPUT_FILE_0}\"\n";
			showEnvVarsInLog = 0;
		};
		D42F36B7251BEBF100490C0D /* Run Script */ = {
			isa = PBXShellScriptBuildPhase;
			alwaysOutOfDate = 1;
			buildActionMask = 2147483647;
			files = (
			);
			inputFileListPaths = (
			);
			inputPaths = (
			);
			name = "Run Script";
			outputFileListPaths = (
			);
			outputPaths = (
			);
			runOnlyForDeploymentPostprocessing = 0;
			shellPath = /bin/sh;
			shellScript = "if [[ -z ${ADB_SKIP_LINT} || ${ADB_SKIP_LINT} -ne \"YES\" ]]; then\n    if which ${PODS_ROOT}/SwiftLint/swiftlint >/dev/null; then\n        ${PODS_ROOT}/SwiftLint/swiftlint lint --config ${SRCROOT}/.swiftlint.yml Sources\n    else\n        echo \"warning: SwiftLint is not installed, please run the pod install command from the project root directory.\"\n    fi\nelse\n    echo \"Skipping linting build phase as ADB_SKIP_LINT flag is YES.\"\nfi\n\n";
		};
		E3A064EA739C4B24D152C7BC /* [CP] Check Pods Manifest.lock */ = {
			isa = PBXShellScriptBuildPhase;
			buildActionMask = 2147483647;
			files = (
			);
			inputFileListPaths = (
			);
			inputPaths = (
				"${PODS_PODFILE_DIR_PATH}/Podfile.lock",
				"${PODS_ROOT}/Manifest.lock",
			);
			name = "[CP] Check Pods Manifest.lock";
			outputFileListPaths = (
			);
			outputPaths = (
				"$(DERIVED_FILE_DIR)/Pods-UnitTests-checkManifestLockResult.txt",
			);
			runOnlyForDeploymentPostprocessing = 0;
			shellPath = /bin/sh;
			shellScript = "diff \"${PODS_PODFILE_DIR_PATH}/Podfile.lock\" \"${PODS_ROOT}/Manifest.lock\" > /dev/null\nif [ $? != 0 ] ; then\n    # print error to STDERR\n    echo \"error: The sandbox is not in sync with the Podfile.lock. Run 'pod install' or update your CocoaPods installation.\" >&2\n    exit 1\nfi\n# This output is used by Xcode 'outputs' to avoid re-running this script phase.\necho \"SUCCESS\" > \"${SCRIPT_OUTPUT_FILE_0}\"\n";
			showEnvVarsInLog = 0;
		};
/* End PBXShellScriptBuildPhase section */

/* Begin PBXSourcesBuildPhase section */
		2EB8E0322D77730F003ABDA2 /* Sources */ = {
			isa = PBXSourcesBuildPhase;
			buildActionMask = 2147483647;
			files = (
				2EB8E0332D77730F003ABDA2 /* AppDelegate.swift in Sources */,
				2EB8E0342D77730F003ABDA2 /* SceneDelegate.swift in Sources */,
				2EB8E0352D77730F003ABDA2 /* AssuranceView.swift in Sources */,
				2EB8E0362D77730F003ABDA2 /* ContentView.swift in Sources */,
			);
			runOnlyForDeploymentPostprocessing = 0;
		};
		D444995B2519506B0093B364 /* Sources */ = {
			isa = PBXSourcesBuildPhase;
			buildActionMask = 2147483647;
			files = (
				BF7E5B372788080500D5E0FF /* EdgeBridge.swift in Sources */,
				BF5DCF38280653E70057D7D3 /* EdgeBridgeConstants.swift in Sources */,
				BF7699A62B969FC6005F4150 /* EdgeBridgeHelper.swift in Sources */,
			);
			runOnlyForDeploymentPostprocessing = 0;
		};
		D4D5B51D2432599B00CAB6E4 /* Sources */ = {
			isa = PBXSourcesBuildPhase;
			buildActionMask = 2147483647;
			files = (
				BF7E5B392788B16800D5E0FF /* EdgeBridgeTests.swift in Sources */,
				D4A473CD2485AA3D00D31710 /* TestUtils.swift in Sources */,
				D49A6294250AEEF000B7C4A3 /* UserDefaults+Test.swift in Sources */,
				D49A628F250AE4F500B7C4A3 /* EventHub+Test.swift in Sources */,
				BF7699A42B968E70005F4150 /* FakeSystemInfoService.swift in Sources */,
			);
			runOnlyForDeploymentPostprocessing = 0;
		};
		D4D5B52F24325AB700CAB6E4 /* Sources */ = {
			isa = PBXSourcesBuildPhase;
			buildActionMask = 2147483647;
			files = (
				D4A473CB2485A8F300D31710 /* TestUtils.swift in Sources */,
				BF5DCF3A2817AE200057D7D3 /* EdgeBridgeFunctionalTests.swift in Sources */,
				4C089BCA2CF54A8A00CB500C /* FunctionalTestConstants.swift in Sources */,
				D49A6295250AEEF000B7C4A3 /* UserDefaults+Test.swift in Sources */,
				D49A6290250AE4F500B7C4A3 /* EventHub+Test.swift in Sources */,
			);
			runOnlyForDeploymentPostprocessing = 0;
		};
		D4D5B5762432977F00CAB6E4 /* Sources */ = {
			isa = PBXSourcesBuildPhase;
			buildActionMask = 2147483647;
			files = (
				D4D5B57D2432977F00CAB6E4 /* AppDelegate.swift in Sources */,
				D4D5B57F2432977F00CAB6E4 /* SceneDelegate.swift in Sources */,
				BF4A717926DDAE4C00612434 /* AssuranceView.swift in Sources */,
				D4D5B5812432977F00CAB6E4 /* ContentView.swift in Sources */,
			);
			runOnlyForDeploymentPostprocessing = 0;
		};
/* End PBXSourcesBuildPhase section */

/* Begin PBXTargetDependency section */
		D42F36A6251BEA7E00490C0D /* PBXTargetDependency */ = {
			isa = PBXTargetDependency;
			target = D444995E2519506B0093B364 /* AEPEdgeBridge */;
			targetProxy = D42F36A5251BEA7E00490C0D /* PBXContainerItemProxy */;
		};
		D42F36A8251BEA8300490C0D /* PBXTargetDependency */ = {
			isa = PBXTargetDependency;
			target = D444995E2519506B0093B364 /* AEPEdgeBridge */;
			targetProxy = D42F36A7251BEA8300490C0D /* PBXContainerItemProxy */;
		};
		D4ABABEC251A889C008076BF /* PBXTargetDependency */ = {
			isa = PBXTargetDependency;
			target = D444995E2519506B0093B364 /* AEPEdgeBridge */;
			targetProxy = D4ABABEB251A889C008076BF /* PBXContainerItemProxy */;
		};
/* End PBXTargetDependency section */

/* Begin PBXVariantGroup section */
		2EF8F2932D78C08900EEBE04 /* LaunchScreen.storyboard */ = {
			isa = PBXVariantGroup;
			children = (
				2EF8F2942D78C08900EEBE04 /* Base */,
			);
			name = LaunchScreen.storyboard;
			sourceTree = "<group>";
		};
/* End PBXVariantGroup section */

/* Begin XCBuildConfiguration section */
		2EB8E0422D77730F003ABDA2 /* Debug */ = {
			isa = XCBuildConfiguration;
			baseConfigurationReference = C4CB86E898B2FD6FB0CD9CC8 /* Pods-TestApptvOS.debug.xcconfig */;
			buildSettings = {
				ALWAYS_EMBED_SWIFT_STANDARD_LIBRARIES = "$(inherited)";
				ASSETCATALOG_COMPILER_APPICON_NAME = AppIcon_tvOS;
				ASSETCATALOG_COMPILER_INCLUDE_ALL_APPICON_ASSETS = YES;
				BUNDLE_LOADER = "";
				CODE_SIGN_STYLE = Automatic;
				DEVELOPMENT_ASSET_PATHS = "TestApps/TestAppSwiftUI/Preview\\ Content";
				DEVELOPMENT_TEAM = FKGEE875K4;
				ENABLE_PREVIEWS = YES;
				FRAMEWORK_SEARCH_PATHS = "$(inherited)";
				GCC_NO_COMMON_BLOCKS = NO;
				INFOPLIST_FILE = "$(SRCROOT)/TestApps/TestAppSwiftUI/Info.plist";
				IPHONEOS_DEPLOYMENT_TARGET = 13.0;
				LD_RUNPATH_SEARCH_PATHS = (
					"$(inherited)",
					"@executable_path/Frameworks",
				);
				LIBRARY_SEARCH_PATHS = "$(inherited)";
				OTHER_LDFLAGS = "$(inherited)";
				PRODUCT_BUNDLE_IDENTIFIER = com.adobe.edge.bridge.testapp.swiftui;
				PRODUCT_NAME = "$(TARGET_NAME)";
				SDKROOT = appletvos;
				SUPPORTED_PLATFORMS = "appletvsimulator appletvos";
				SWIFT_VERSION = 5.0;
				TARGETED_DEVICE_FAMILY = 3;
				TVOS_DEPLOYMENT_TARGET = 13.0;
			};
			name = Debug;
		};
		2EB8E0432D77730F003ABDA2 /* Release */ = {
			isa = XCBuildConfiguration;
			baseConfigurationReference = 7F9870960E40A16E61CFC0C1 /* Pods-TestApptvOS.release.xcconfig */;
			buildSettings = {
				ALWAYS_EMBED_SWIFT_STANDARD_LIBRARIES = "$(inherited)";
				ASSETCATALOG_COMPILER_APPICON_NAME = AppIcon_tvOS;
				ASSETCATALOG_COMPILER_INCLUDE_ALL_APPICON_ASSETS = YES;
				BUNDLE_LOADER = "";
				CODE_SIGN_STYLE = Automatic;
				DEVELOPMENT_ASSET_PATHS = "TestApps/TestAppSwiftUI/Preview\\ Content";
				DEVELOPMENT_TEAM = FKGEE875K4;
				ENABLE_PREVIEWS = YES;
				FRAMEWORK_SEARCH_PATHS = "$(inherited)";
				GCC_NO_COMMON_BLOCKS = NO;
				INFOPLIST_FILE = "$(SRCROOT)/TestApps/TestAppSwiftUI/Info.plist";
				IPHONEOS_DEPLOYMENT_TARGET = 13.0;
				LD_RUNPATH_SEARCH_PATHS = (
					"$(inherited)",
					"@executable_path/Frameworks",
				);
				OTHER_LDFLAGS = "$(inherited)";
				PRODUCT_BUNDLE_IDENTIFIER = com.adobe.edge.bridge.testapp.swiftui;
				PRODUCT_NAME = "$(TARGET_NAME)";
				SDKROOT = appletvos;
				SUPPORTED_PLATFORMS = "appletvsimulator appletvos";
				SWIFT_VERSION = 5.0;
				TARGETED_DEVICE_FAMILY = 3;
				TVOS_DEPLOYMENT_TARGET = 13.0;
			};
			name = Release;
		};
		D44499652519506B0093B364 /* Debug */ = {
			isa = XCBuildConfiguration;
			baseConfigurationReference = 11B4EE6100FFD181D30C8B02 /* Pods-AEPEdgeBridge.debug.xcconfig */;
			buildSettings = {
				BUILD_LIBRARY_FOR_DISTRIBUTION = YES;
				CODE_SIGN_IDENTITY = "";
				CODE_SIGN_STYLE = Automatic;
				CURRENT_PROJECT_VERSION = 1;
				DEFINES_MODULE = YES;
				DEVELOPMENT_TEAM = "";
				DYLIB_COMPATIBILITY_VERSION = 1;
				DYLIB_CURRENT_VERSION = 1;
				DYLIB_INSTALL_NAME_BASE = "@rpath";
				FRAMEWORK_SEARCH_PATHS = "$(inherited)";
				HEADER_SEARCH_PATHS = "$(inherited)";
				INFOPLIST_FILE = Sources/Info.plist;
				INSTALL_PATH = "$(LOCAL_LIBRARY_DIR)/Frameworks";
				IPHONEOS_DEPLOYMENT_TARGET = 12.0;
				LD_RUNPATH_SEARCH_PATHS = (
					"$(inherited)",
					"@executable_path/Frameworks",
					"@loader_path/Frameworks",
				);
				MARKETING_VERSION = 5.1.1;
				OTHER_LDFLAGS = "$(inherited)";
				PRODUCT_BUNDLE_IDENTIFIER = com.adobe.aep.edge.bridge;
				PRODUCT_NAME = "$(TARGET_NAME:c99extidentifier)";
				SKIP_INSTALL = YES;
				SUPPORTS_MACCATALYST = NO;
				SWIFT_VERSION = 5.0;
				TARGETED_DEVICE_FAMILY = "1,2,3";
				TVOS_DEPLOYMENT_TARGET = 12.0;
				VERSIONING_SYSTEM = "apple-generic";
				VERSION_INFO_PREFIX = "";
			};
			name = Debug;
		};
		D44499662519506B0093B364 /* Release */ = {
			isa = XCBuildConfiguration;
			baseConfigurationReference = F47BD89CE76DDAB4B043FD67 /* Pods-AEPEdgeBridge.release.xcconfig */;
			buildSettings = {
				BUILD_LIBRARY_FOR_DISTRIBUTION = YES;
				CODE_SIGN_IDENTITY = "";
				CODE_SIGN_STYLE = Automatic;
				CURRENT_PROJECT_VERSION = 1;
				DEFINES_MODULE = YES;
				DEVELOPMENT_TEAM = "";
				DYLIB_COMPATIBILITY_VERSION = 1;
				DYLIB_CURRENT_VERSION = 1;
				DYLIB_INSTALL_NAME_BASE = "@rpath";
				HEADER_SEARCH_PATHS = "$(inherited)";
				INFOPLIST_FILE = Sources/Info.plist;
				INSTALL_PATH = "$(LOCAL_LIBRARY_DIR)/Frameworks";
				IPHONEOS_DEPLOYMENT_TARGET = 12.0;
				LD_RUNPATH_SEARCH_PATHS = (
					"$(inherited)",
					"@executable_path/Frameworks",
					"@loader_path/Frameworks",
				);
				MARKETING_VERSION = 5.1.1;
				OTHER_LDFLAGS = "$(inherited)";
				PRODUCT_BUNDLE_IDENTIFIER = com.adobe.aep.edge.bridge;
				PRODUCT_NAME = "$(TARGET_NAME:c99extidentifier)";
				SKIP_INSTALL = YES;
				SUPPORTS_MACCATALYST = NO;
				SWIFT_VERSION = 5.0;
				TARGETED_DEVICE_FAMILY = "1,2,3";
				TVOS_DEPLOYMENT_TARGET = 12.0;
				VERSIONING_SYSTEM = "apple-generic";
				VERSION_INFO_PREFIX = "";
			};
			name = Release;
		};
		D496756D25117263001F5F95 /* Debug */ = {
			isa = XCBuildConfiguration;
			buildSettings = {
				BUILD_LIBRARY_FOR_DISTRIBUTION = YES;
				CODE_SIGN_STYLE = Automatic;
				CURRENT_PROJECT_VERSION = 1;
				DEVELOPMENT_TEAM = FKGEE875K4;
				PRODUCT_NAME = "$(TARGET_NAME)";
				VERSIONING_SYSTEM = "apple-generic";
			};
			name = Debug;
		};
		D496756E25117263001F5F95 /* Release */ = {
			isa = XCBuildConfiguration;
			buildSettings = {
				BUILD_LIBRARY_FOR_DISTRIBUTION = YES;
				CODE_SIGN_STYLE = Automatic;
				CURRENT_PROJECT_VERSION = 1;
				DEVELOPMENT_TEAM = FKGEE875K4;
				PRODUCT_NAME = "$(TARGET_NAME)";
				VERSIONING_SYSTEM = "apple-generic";
			};
			name = Release;
		};
		D4D5B4EC242EBB1600CAB6E4 /* Debug */ = {
			isa = XCBuildConfiguration;
			buildSettings = {
				ALWAYS_SEARCH_USER_PATHS = NO;
				CLANG_ALLOW_NON_MODULAR_INCLUDES_IN_FRAMEWORK_MODULES = NO;
				CLANG_ANALYZER_NONNULL = YES;
				CLANG_ANALYZER_NUMBER_OBJECT_CONVERSION = YES_AGGRESSIVE;
				CLANG_CXX_LANGUAGE_STANDARD = "gnu++14";
				CLANG_CXX_LIBRARY = "libc++";
				CLANG_ENABLE_MODULES = YES;
				CLANG_ENABLE_OBJC_ARC = YES;
				CLANG_ENABLE_OBJC_WEAK = YES;
				CLANG_WARN_BLOCK_CAPTURE_AUTORELEASING = YES;
				CLANG_WARN_BOOL_CONVERSION = YES;
				CLANG_WARN_COMMA = YES;
				CLANG_WARN_CONSTANT_CONVERSION = YES;
				CLANG_WARN_DEPRECATED_OBJC_IMPLEMENTATIONS = YES;
				CLANG_WARN_DIRECT_OBJC_ISA_USAGE = YES_ERROR;
				CLANG_WARN_DOCUMENTATION_COMMENTS = YES;
				CLANG_WARN_EMPTY_BODY = YES;
				CLANG_WARN_ENUM_CONVERSION = YES;
				CLANG_WARN_INFINITE_RECURSION = YES;
				CLANG_WARN_INT_CONVERSION = YES;
				CLANG_WARN_NON_LITERAL_NULL_CONVERSION = YES;
				CLANG_WARN_OBJC_IMPLICIT_RETAIN_SELF = YES;
				CLANG_WARN_OBJC_LITERAL_CONVERSION = YES;
				CLANG_WARN_OBJC_ROOT_CLASS = YES_ERROR;
				CLANG_WARN_RANGE_LOOP_ANALYSIS = YES;
				CLANG_WARN_STRICT_PROTOTYPES = YES;
				CLANG_WARN_SUSPICIOUS_MOVE = YES;
				CLANG_WARN_UNGUARDED_AVAILABILITY = YES_AGGRESSIVE;
				CLANG_WARN_UNREACHABLE_CODE = YES;
				CLANG_WARN__DUPLICATE_METHOD_MATCH = YES;
				COPY_PHASE_STRIP = NO;
				DEBUG_INFORMATION_FORMAT = dwarf;
				ENABLE_STRICT_OBJC_MSGSEND = YES;
				ENABLE_TESTABILITY = YES;
				GCC_C_LANGUAGE_STANDARD = gnu11;
				GCC_DYNAMIC_NO_PIC = NO;
				GCC_NO_COMMON_BLOCKS = YES;
				GCC_OPTIMIZATION_LEVEL = 0;
				GCC_PREPROCESSOR_DEFINITIONS = (
					"DEBUG=1",
					"$(inherited)",
				);
				GCC_WARN_64_TO_32_BIT_CONVERSION = YES;
				GCC_WARN_ABOUT_RETURN_TYPE = YES_ERROR;
				GCC_WARN_UNDECLARED_SELECTOR = YES;
				GCC_WARN_UNINITIALIZED_AUTOS = YES_AGGRESSIVE;
				GCC_WARN_UNUSED_FUNCTION = YES;
				GCC_WARN_UNUSED_VARIABLE = YES;
				IPHONEOS_DEPLOYMENT_TARGET = 12.0;
				MTL_ENABLE_DEBUG_INFO = INCLUDE_SOURCE;
				MTL_FAST_MATH = YES;
				ONLY_ACTIVE_ARCH = YES;
				SDKROOT = iphoneos;
				SUPPORTED_PLATFORMS = "iphonesimulator iphoneos appletvsimulator appletvos";
				SWIFT_ACTIVE_COMPILATION_CONDITIONS = DEBUG;
				SWIFT_OPTIMIZATION_LEVEL = "-Onone";
				TARGETED_DEVICE_FAMILY = "1,2,3";
				TVOS_DEPLOYMENT_TARGET = 12.0;
			};
			name = Debug;
		};
		D4D5B4ED242EBB1600CAB6E4 /* Release */ = {
			isa = XCBuildConfiguration;
			buildSettings = {
				ALWAYS_SEARCH_USER_PATHS = NO;
				CLANG_ALLOW_NON_MODULAR_INCLUDES_IN_FRAMEWORK_MODULES = NO;
				CLANG_ANALYZER_NONNULL = YES;
				CLANG_ANALYZER_NUMBER_OBJECT_CONVERSION = YES_AGGRESSIVE;
				CLANG_CXX_LANGUAGE_STANDARD = "gnu++14";
				CLANG_CXX_LIBRARY = "libc++";
				CLANG_ENABLE_MODULES = YES;
				CLANG_ENABLE_OBJC_ARC = YES;
				CLANG_ENABLE_OBJC_WEAK = YES;
				CLANG_WARN_BLOCK_CAPTURE_AUTORELEASING = YES;
				CLANG_WARN_BOOL_CONVERSION = YES;
				CLANG_WARN_COMMA = YES;
				CLANG_WARN_CONSTANT_CONVERSION = YES;
				CLANG_WARN_DEPRECATED_OBJC_IMPLEMENTATIONS = YES;
				CLANG_WARN_DIRECT_OBJC_ISA_USAGE = YES_ERROR;
				CLANG_WARN_DOCUMENTATION_COMMENTS = YES;
				CLANG_WARN_EMPTY_BODY = YES;
				CLANG_WARN_ENUM_CONVERSION = YES;
				CLANG_WARN_INFINITE_RECURSION = YES;
				CLANG_WARN_INT_CONVERSION = YES;
				CLANG_WARN_NON_LITERAL_NULL_CONVERSION = YES;
				CLANG_WARN_OBJC_IMPLICIT_RETAIN_SELF = YES;
				CLANG_WARN_OBJC_LITERAL_CONVERSION = YES;
				CLANG_WARN_OBJC_ROOT_CLASS = YES_ERROR;
				CLANG_WARN_RANGE_LOOP_ANALYSIS = YES;
				CLANG_WARN_STRICT_PROTOTYPES = YES;
				CLANG_WARN_SUSPICIOUS_MOVE = YES;
				CLANG_WARN_UNGUARDED_AVAILABILITY = YES_AGGRESSIVE;
				CLANG_WARN_UNREACHABLE_CODE = YES;
				CLANG_WARN__DUPLICATE_METHOD_MATCH = YES;
				COPY_PHASE_STRIP = NO;
				DEBUG_INFORMATION_FORMAT = "dwarf-with-dsym";
				ENABLE_NS_ASSERTIONS = NO;
				ENABLE_STRICT_OBJC_MSGSEND = YES;
				GCC_C_LANGUAGE_STANDARD = gnu11;
				GCC_NO_COMMON_BLOCKS = YES;
				GCC_WARN_64_TO_32_BIT_CONVERSION = YES;
				GCC_WARN_ABOUT_RETURN_TYPE = YES_ERROR;
				GCC_WARN_UNDECLARED_SELECTOR = YES;
				GCC_WARN_UNINITIALIZED_AUTOS = YES_AGGRESSIVE;
				GCC_WARN_UNUSED_FUNCTION = YES;
				GCC_WARN_UNUSED_VARIABLE = YES;
				IPHONEOS_DEPLOYMENT_TARGET = 12.0;
				MTL_ENABLE_DEBUG_INFO = NO;
				MTL_FAST_MATH = YES;
				SDKROOT = iphoneos;
				SUPPORTED_PLATFORMS = "iphonesimulator iphoneos appletvsimulator appletvos";
				SWIFT_COMPILATION_MODE = wholemodule;
				SWIFT_OPTIMIZATION_LEVEL = "-O";
				TARGETED_DEVICE_FAMILY = "1,2,3";
				TVOS_DEPLOYMENT_TARGET = 12.0;
				VALIDATE_PRODUCT = YES;
			};
			name = Release;
		};
		D4D5B52A2432599B00CAB6E4 /* Debug */ = {
			isa = XCBuildConfiguration;
			baseConfigurationReference = 5477DBC630212B20C449C9E4 /* Pods-UnitTests.debug.xcconfig */;
			buildSettings = {
				CODE_SIGN_STYLE = Automatic;
				DEVELOPMENT_TEAM = FKGEE875K4;
				INFOPLIST_FILE = Tests/UnitTests/Info.plist;
				IPHONEOS_DEPLOYMENT_TARGET = 12.0;
				LD_RUNPATH_SEARCH_PATHS = (
					"$(inherited)",
					"@executable_path/Frameworks",
					"@loader_path/Frameworks",
				);
				PRODUCT_BUNDLE_IDENTIFIER = com.adobe.UnitTests;
				PRODUCT_NAME = "$(TARGET_NAME)";
				SWIFT_VERSION = 5.0;
				TARGETED_DEVICE_FAMILY = "1,2,3";
				TVOS_DEPLOYMENT_TARGET = 12.0;
			};
			name = Debug;
		};
		D4D5B52B2432599B00CAB6E4 /* Release */ = {
			isa = XCBuildConfiguration;
			baseConfigurationReference = 15C34E73E6CEE8996A87BDBA /* Pods-UnitTests.release.xcconfig */;
			buildSettings = {
				CODE_SIGN_STYLE = Automatic;
				DEVELOPMENT_TEAM = FKGEE875K4;
				INFOPLIST_FILE = Tests/UnitTests/Info.plist;
				IPHONEOS_DEPLOYMENT_TARGET = 12.0;
				LD_RUNPATH_SEARCH_PATHS = (
					"$(inherited)",
					"@executable_path/Frameworks",
					"@loader_path/Frameworks",
				);
				PRODUCT_BUNDLE_IDENTIFIER = com.adobe.UnitTests;
				PRODUCT_NAME = "$(TARGET_NAME)";
				SWIFT_VERSION = 5.0;
				TARGETED_DEVICE_FAMILY = "1,2,3";
				TVOS_DEPLOYMENT_TARGET = 12.0;
			};
			name = Release;
		};
		D4D5B53C24325AB800CAB6E4 /* Debug */ = {
			isa = XCBuildConfiguration;
			baseConfigurationReference = EBB8C07EBA847180C516E23E /* Pods-FunctionalTests.debug.xcconfig */;
			buildSettings = {
				CODE_SIGN_STYLE = Automatic;
				DEVELOPMENT_TEAM = FKGEE875K4;
				INFOPLIST_FILE = Tests/FunctionalTests/Info.plist;
				IPHONEOS_DEPLOYMENT_TARGET = 12.0;
				LD_RUNPATH_SEARCH_PATHS = (
					"$(inherited)",
					"@executable_path/Frameworks",
					"@loader_path/Frameworks",
				);
				MACOSX_DEPLOYMENT_TARGET = 10.6;
				PRODUCT_BUNDLE_IDENTIFIER = com.adobe.functionalTests;
				PRODUCT_NAME = "$(TARGET_NAME)";
				SWIFT_VERSION = 5.0;
				TARGETED_DEVICE_FAMILY = "1,2,3";
				TVOS_DEPLOYMENT_TARGET = 12.0;
				WATCHOS_DEPLOYMENT_TARGET = 4.0;
			};
			name = Debug;
		};
		D4D5B53D24325AB800CAB6E4 /* Release */ = {
			isa = XCBuildConfiguration;
			baseConfigurationReference = 58C935A34A4326E61B9488B1 /* Pods-FunctionalTests.release.xcconfig */;
			buildSettings = {
				CODE_SIGN_STYLE = Automatic;
				DEVELOPMENT_TEAM = FKGEE875K4;
				INFOPLIST_FILE = Tests/FunctionalTests/Info.plist;
				IPHONEOS_DEPLOYMENT_TARGET = 12.0;
				LD_RUNPATH_SEARCH_PATHS = (
					"$(inherited)",
					"@executable_path/Frameworks",
					"@loader_path/Frameworks",
				);
				MACOSX_DEPLOYMENT_TARGET = 10.6;
				PRODUCT_BUNDLE_IDENTIFIER = com.adobe.functionalTests;
				PRODUCT_NAME = "$(TARGET_NAME)";
				SWIFT_VERSION = 5.0;
				TARGETED_DEVICE_FAMILY = "1,2,3";
				TVOS_DEPLOYMENT_TARGET = 12.0;
				WATCHOS_DEPLOYMENT_TARGET = 4.0;
			};
			name = Release;
		};
		D4D5B58B2432977F00CAB6E4 /* Debug */ = {
			isa = XCBuildConfiguration;
			baseConfigurationReference = 38CE001D7B4A0F102E0CF14D /* Pods-TestAppiOS.debug.xcconfig */;
			buildSettings = {
				ALWAYS_EMBED_SWIFT_STANDARD_LIBRARIES = "$(inherited)";
				ASSETCATALOG_COMPILER_APPICON_NAME = AppIcon;
				BUNDLE_LOADER = "";
				CODE_SIGN_STYLE = Automatic;
				DEVELOPMENT_ASSET_PATHS = "TestApps/TestAppSwiftUI/Preview\\ Content";
				DEVELOPMENT_TEAM = FKGEE875K4;
				ENABLE_PREVIEWS = YES;
				FRAMEWORK_SEARCH_PATHS = "$(inherited)";
				GCC_NO_COMMON_BLOCKS = NO;
				INFOPLIST_FILE = "$(SRCROOT)/TestApps/TestAppSwiftUI/Info.plist";
				IPHONEOS_DEPLOYMENT_TARGET = 13.0;
				LD_RUNPATH_SEARCH_PATHS = (
					"$(inherited)",
					"@executable_path/Frameworks",
				);
				LIBRARY_SEARCH_PATHS = "$(inherited)";
				OTHER_LDFLAGS = "$(inherited)";
				PRODUCT_BUNDLE_IDENTIFIER = com.adobe.edge.bridge.testapp.swiftui;
				PRODUCT_NAME = "$(TARGET_NAME)";
				SUPPORTED_PLATFORMS = "iphoneos iphonesimulator";
				SUPPORTS_MACCATALYST = NO;
				SUPPORTS_MAC_DESIGNED_FOR_IPHONE_IPAD = NO;
				SUPPORTS_XR_DESIGNED_FOR_IPHONE_IPAD = NO;
				SWIFT_VERSION = 5.0;
				TARGETED_DEVICE_FAMILY = "1,2";
				TVOS_DEPLOYMENT_TARGET = 13.0;
			};
			name = Debug;
		};
		D4D5B58C2432977F00CAB6E4 /* Release */ = {
			isa = XCBuildConfiguration;
			baseConfigurationReference = A7DB4B94A10C79A2E4BAD229 /* Pods-TestAppiOS.release.xcconfig */;
			buildSettings = {
				ALWAYS_EMBED_SWIFT_STANDARD_LIBRARIES = "$(inherited)";
				ASSETCATALOG_COMPILER_APPICON_NAME = AppIcon;
				BUNDLE_LOADER = "";
				CODE_SIGN_STYLE = Automatic;
				DEVELOPMENT_ASSET_PATHS = "TestApps/TestAppSwiftUI/Preview\\ Content";
				DEVELOPMENT_TEAM = FKGEE875K4;
				ENABLE_PREVIEWS = YES;
				FRAMEWORK_SEARCH_PATHS = "$(inherited)";
				GCC_NO_COMMON_BLOCKS = NO;
				INFOPLIST_FILE = "$(SRCROOT)/TestApps/TestAppSwiftUI/Info.plist";
				IPHONEOS_DEPLOYMENT_TARGET = 13.0;
				LD_RUNPATH_SEARCH_PATHS = (
					"$(inherited)",
					"@executable_path/Frameworks",
				);
				OTHER_LDFLAGS = "$(inherited)";
				PRODUCT_BUNDLE_IDENTIFIER = com.adobe.edge.bridge.testapp.swiftui;
				PRODUCT_NAME = "$(TARGET_NAME)";
				SUPPORTED_PLATFORMS = "iphoneos iphonesimulator";
				SUPPORTS_MACCATALYST = NO;
				SUPPORTS_MAC_DESIGNED_FOR_IPHONE_IPAD = NO;
				SUPPORTS_XR_DESIGNED_FOR_IPHONE_IPAD = NO;
				SWIFT_VERSION = 5.0;
				TARGETED_DEVICE_FAMILY = "1,2";
				TVOS_DEPLOYMENT_TARGET = 13.0;
			};
			name = Release;
		};
/* End XCBuildConfiguration section */

/* Begin XCConfigurationList section */
		2EB8E0412D77730F003ABDA2 /* Build configuration list for PBXNativeTarget "TestApptvOS" */ = {
			isa = XCConfigurationList;
			buildConfigurations = (
				2EB8E0422D77730F003ABDA2 /* Debug */,
				2EB8E0432D77730F003ABDA2 /* Release */,
			);
			defaultConfigurationIsVisible = 0;
			defaultConfigurationName = Release;
		};
		D44499642519506B0093B364 /* Build configuration list for PBXNativeTarget "AEPEdgeBridge" */ = {
			isa = XCConfigurationList;
			buildConfigurations = (
				D44499652519506B0093B364 /* Debug */,
				D44499662519506B0093B364 /* Release */,
			);
			defaultConfigurationIsVisible = 0;
			defaultConfigurationName = Release;
		};
		D496756C25117263001F5F95 /* Build configuration list for PBXAggregateTarget "AEPEdgeBridgeXCF" */ = {
			isa = XCConfigurationList;
			buildConfigurations = (
				D496756D25117263001F5F95 /* Debug */,
				D496756E25117263001F5F95 /* Release */,
			);
			defaultConfigurationIsVisible = 0;
			defaultConfigurationName = Release;
		};
		D4D5B4E2242EBB1600CAB6E4 /* Build configuration list for PBXProject "AEPEdgeBridge" */ = {
			isa = XCConfigurationList;
			buildConfigurations = (
				D4D5B4EC242EBB1600CAB6E4 /* Debug */,
				D4D5B4ED242EBB1600CAB6E4 /* Release */,
			);
			defaultConfigurationIsVisible = 0;
			defaultConfigurationName = Release;
		};
		D4D5B5292432599B00CAB6E4 /* Build configuration list for PBXNativeTarget "UnitTests" */ = {
			isa = XCConfigurationList;
			buildConfigurations = (
				D4D5B52A2432599B00CAB6E4 /* Debug */,
				D4D5B52B2432599B00CAB6E4 /* Release */,
			);
			defaultConfigurationIsVisible = 0;
			defaultConfigurationName = Release;
		};
		D4D5B53B24325AB800CAB6E4 /* Build configuration list for PBXNativeTarget "FunctionalTests" */ = {
			isa = XCConfigurationList;
			buildConfigurations = (
				D4D5B53C24325AB800CAB6E4 /* Debug */,
				D4D5B53D24325AB800CAB6E4 /* Release */,
			);
			defaultConfigurationIsVisible = 0;
			defaultConfigurationName = Release;
		};
		D4D5B58D2432977F00CAB6E4 /* Build configuration list for PBXNativeTarget "TestAppiOS" */ = {
			isa = XCConfigurationList;
			buildConfigurations = (
				D4D5B58B2432977F00CAB6E4 /* Debug */,
				D4D5B58C2432977F00CAB6E4 /* Release */,
			);
			defaultConfigurationIsVisible = 0;
			defaultConfigurationName = Release;
		};
/* End XCConfigurationList section */
	};
	rootObject = D4D5B4DF242EBB1600CAB6E4 /* Project object */;
}
