{
  "originHash" : "9c721afb83e40f5f22d0008e3922d029d13d1d23d30d93f6587ee0e54ad6448d",
  "pins" : [
    {
      "identity" : "aepsdk-assurance-ios",
      "kind" : "remoteSourceControl",
      "location" : "https://github.com/adobe/aepsdk-assurance-ios.git",
      "state" : {
        "branch" : "main",
        "revision" : "f6459ae3e7e39f211ef1163d05d94e2bd97782fc"
      }
    },
    {
      "identity" : "aepsdk-core-ios",
      "kind" : "remoteSourceControl",
      "location" : "https://github.com/adobe/aepsdk-core-ios.git",
      "state" : {
        "branch" : "main",
        "revision" : "40a25aec18cacaa95b5d34a35ec5318feb926871"
      }
    },
    {
      "identity" : "aepsdk-edge-ios",
      "kind" : "remoteSourceControl",
      "location" : "https://github.com/adobe/aepsdk-edge-ios.git",
      "state" : {
        "branch" : "main",
        "revision" : "5156cf785043a272a6777554a4e30280d2119bf0"
      }
    },
    {
      "identity" : "aepsdk-edgebridge-ios",
      "kind" : "remoteSourceControl",
      "location" : "https://github.com/adobe/aepsdk-edgebridge-ios.git",
      "state" : {
        "branch" : "staging",
        "revision" : "ad1954810ac7262e0daab0f8f11de810aa419211"
      }
    },
    {
      "identity" : "aepsdk-edgeconsent-ios",
      "kind" : "remoteSourceControl",
      "location" : "https://github.com/adobe/aepsdk-edgeconsent-ios.git",
      "state" : {
        "branch" : "main",
        "revision" : "abe461c099044d7d295ca1423ac94d2feea49368"
      }
    },
    {
      "identity" : "aepsdk-edgeidentity-ios",
      "kind" : "remoteSourceControl",
      "location" : "https://github.com/adobe/aepsdk-edgeidentity-ios.git",
      "state" : {
        "branch" : "main",
        "revision" : "25fab07d344981afc768b99a550c63ed032ae3ad"
      }
    },
    {
      "identity" : "aepsdk-rulesengine-ios",
      "kind" : "remoteSourceControl",
      "location" : "https://github.com/adobe/aepsdk-rulesengine-ios.git",
      "state" : {
        "revision" : "514d2b3787c545bfa6749ffce5dd3e6f560c9319",
        "version" : "5.0.0"
      }
    }
  ],
  "version" : 3
}
