{
  "originHash" : "a0345d82ba42055feb54e238cace6a6bdbdda8de6497c8d078244a711af76438",
  "pins" : [
    {
      "identity" : "aepsdk-analytics-ios",
      "kind" : "remoteSourceControl",
      "location" : "https://github.com/adobe/aepsdk-analytics-ios.git",
      "state" : {
        "branch" : "main",
        "revision" : "36f40667499d177af567d659ea75bbbfabc7bd42"
      }
    },
    {
      "identity" : "aepsdk-assurance-ios",
      "kind" : "remoteSourceControl",
      "location" : "https://github.com/adobe/aepsdk-assurance-ios.git",
      "state" : {
        "branch" : "main",
        "revision" : "f6459ae3e7e39f211ef1163d05d94e2bd97782fc"
      }
    },
    {
      "identity" : "aepsdk-core-ios",
      "kind" : "remoteSourceControl",
      "location" : "https://github.com/adobe/aepsdk-core-ios.git",
      "state" : {
        "branch" : "main",
        "revision" : "40a25aec18cacaa95b5d34a35ec5318feb926871"
      }
    },
    {
      "identity" : "aepsdk-edge-ios",
      "kind" : "remoteSourceControl",
      "location" : "https://github.com/adobe/aepsdk-edge-ios.git",
      "state" : {
        "branch" : "main",
        "revision" : "4817d95ada9617afa7d1957c6da5956be2a6a607"
      }
    },
    {
      "identity" : "aepsdk-edgeconsent-ios",
      "kind" : "remoteSourceControl",
      "location" : "https://github.com/adobe/aepsdk-edgeconsent-ios.git",
      "state" : {
        "branch" : "main",
        "revision" : "abe461c099044d7d295ca1423ac94d2feea49368"
      }
    },
    {
      "identity" : "aepsdk-edgeidentity-ios",
      "kind" : "remoteSourceControl",
      "location" : "https://github.com/adobe/aepsdk-edgeidentity-ios.git",
      "state" : {
        "branch" : "main",
        "revision" : "25fab07d344981afc768b99a550c63ed032ae3ad"
      }
    },
    {
      "identity" : "aepsdk-rulesengine-ios",
      "kind" : "remoteSourceControl",
      "location" : "https://github.com/adobe/aepsdk-rulesengine-ios.git",
      "state" : {
        "revision" : "514d2b3787c545bfa6749ffce5dd3e6f560c9319",
        "version" : "5.0.0"
      }
    }
  ],
  "version" : 3
}
