PODS:
  - AEPAnalytics (3.2.0):
    - AEPCore (>= 3.7.0)
    - AEPServices (>= 3.7.0)
  - AEPCore (3.7.1):
    - AEPRulesEngine (>= 1.1.0)
    - AEPServices (>= 3.7.1)
  - AEPIdentity (3.7.1):
    - AEPCore (>= 3.7.1)
  - AEPRulesEngine (1.2.0)
  - AEPServices (3.7.1)

DEPENDENCIES:
  - AEPAnalytics
  - AEPCore
  - AEPIdentity
  - AEPServices

SPEC REPOS:
  trunk:
    - AEPAnalytics
    - AEPCore
    - AEPIdentity
    - AEPRulesEngine
    - AEPServices

SPEC CHECKSUMS:
  AEPAnalytics: b83efee29b4323537cbce4b8f146d26cee6cdc80
  AEPCore: 412fe933382892ab6c6af958d2f69ebcbca11216
  AEPIdentity: 7cd5a51d8012aeaeee769e99597db016ad68b0d1
  AEPRulesEngine: 71228dfdac24c9ded09be13e3257a7eb22468ccc
  AEPServices: 7284c30359c789cd16bf366b4ea81094a66d21ab

PODFILE CHECKSUM: 1d5cf78f6f69cd043e32d3c23be57d0a1e68f2ee

COCOAPODS: 1.11.3
