PODS:
  - AEPAnalytics (3.2.0):
    - AEPCore (>= 3.7.0)
    - AEPServices (>= 3.7.0)
  - AEPAssurance (3.0.1):
    - AEPCore (>= 3.1.0)
    - AEPServices (>= 3.1.0)
  - AEPCore (3.7.1):
    - AEPRulesEngine (>= 1.1.0)
    - AEPServices (>= 3.7.1)
  - AEPEdge (1.4.1):
    - AEPCore (>= 3.5.0)
    - AEPEdgeIdentity
  - AEPEdgeBridge (1.0.0-beta):
    - AEPCore (>= 3.5.0)
    - AEPEdge (>= 1.4.0)
  - AEPEdgeConsent (1.0.1):
    - AEPCore (>= 3.5.0)
    - AEPEdge (>= 1.4.0)
  - AEPEdgeIdentity (1.1.0):
    - AEPCore (>= 3.6.0)
  - AEPIdentity (3.7.1):
    - AEPCore (>= 3.7.1)
  - AEPLifecycle (3.7.1):
    - AEPCore (>= 3.7.1)
  - AEPRulesEngine (1.2.0)
  - AEPServices (3.7.1)

DEPENDENCIES:
  - AEPAnalytics
  - AEPAssurance
  - AEPCore
  - AEPEdge
  - AEPEdgeBridge (from `https://github.com/adobe/aepsdk-edgebridge-ios.git`, tag `dev`)
  - AEPEdgeConsent
  - AEPEdgeIdentity
  - AEPIdentity
  - AEPLifecycle
  - AEPServices

SPEC REPOS:
  trunk:
    - AEPAnalytics
    - AEPAssurance
    - AEPCore
    - AEPEdge
    - AEPEdgeConsent
    - AEPEdgeIdentity
    - AEPIdentity
    - AEPLifecycle
    - AEPRulesEngine
    - AEPServices

EXTERNAL SOURCES:
  AEPEdgeBridge:
    :git: https://github.com/adobe/aepsdk-edgebridge-ios.git
    :tag: dev

CHECKOUT OPTIONS:
  AEPEdgeBridge:
    :git: https://github.com/adobe/aepsdk-edgebridge-ios.git
    :tag: dev

SPEC CHECKSUMS:
  AEPAnalytics: b83efee29b4323537cbce4b8f146d26cee6cdc80
  AEPAssurance: b25880cd4b14f22c61a1dce19807bd0ca0fe9b17
  AEPCore: 412fe933382892ab6c6af958d2f69ebcbca11216
  AEPEdge: 6faf60328f9e5ae7a107fd61f9a968f46ebf2928
  AEPEdgeBridge: 6bbafe67c4dd334c4e5cb434014641d370963cb6
  AEPEdgeConsent: a23b35ab331d2aa2013fcef49c9d6b80085d5597
  AEPEdgeIdentity: 47f0c6ecbec5857b2a8cb9b7bf717c2424c6bae0
  AEPIdentity: 7cd5a51d8012aeaeee769e99597db016ad68b0d1
  AEPLifecycle: 94c36a54f7e5466c5274bc822c53eaa410b74888
  AEPRulesEngine: 71228dfdac24c9ded09be13e3257a7eb22468ccc
  AEPServices: 7284c30359c789cd16bf366b4ea81094a66d21ab

PODFILE CHECKSUM: a81ce95ebce69385d629654402b4f178a8f8892d

COCOAPODS: 1.11.3
