{
  "pins" : [
    {
      "identity" : "aepsdk-analytics-ios",
      "kind" : "remoteSourceControl",
      "location" : "https://github.com/adobe/aepsdk-analytics-ios.git",
      "state" : {
        "branch" : "main",
        "revision" : "c6866d8989686e532a528c508bf74eca8b5efe57"
      }
    },
    {
      "identity" : "aepsdk-assurance-ios",
      "kind" : "remoteSourceControl",
      "location" : "https://github.com/adobe/aepsdk-assurance-ios.git",
      "state" : {
        "branch" : "main",
        "revision" : "55c6419494d9cb88774a6a382d4b72756af95900"
      }
    },
    {
      "identity" : "aepsdk-core-ios",
      "kind" : "remoteSourceControl",
      "location" : "https://github.com/adobe/aepsdk-core-ios.git",
      "state" : {
        "branch" : "main",
        "revision" : "255e3fde7c478a48c57e3f6ee9df1700aae22278"
      }
    },
    {
      "identity" : "aepsdk-edge-ios",
      "kind" : "remoteSourceControl",
      "location" : "https://github.com/adobe/aepsdk-edge-ios.git",
      "state" : {
        "branch" : "main",
        "revision" : "07bb9647416be3f6207a13189472e2445e90724c"
      }
    },
    {
      "identity" : "aepsdk-edgeconsent-ios",
      "kind" : "remoteSourceControl",
      "location" : "https://github.com/adobe/aepsdk-edgeconsent-ios.git",
      "state" : {
        "branch" : "main",
        "revision" : "2bc861d1bc0590560713f493b4181fe618259955"
      }
    },
    {
      "identity" : "aepsdk-edgeidentity-ios",
      "kind" : "remoteSourceControl",
      "location" : "https://github.com/adobe/aepsdk-edgeidentity-ios.git",
      "state" : {
        "branch" : "main",
        "revision" : "3db8873f36c19a0546dfa5e020fa9654df3c1bc5"
      }
    },
    {
      "identity" : "aepsdk-rulesengine-ios",
      "kind" : "remoteSourceControl",
      "location" : "https://github.com/adobe/aepsdk-rulesengine-ios.git",
      "state" : {
        "revision" : "0923ec707340874000e06ad2926c5006ddfbc4c9",
        "version" : "4.0.0"
      }
    }
  ],
  "version" : 2
}
